// !$*UTF8*$!
{
	archiveVersion = 1;
	classes = {
	};
	objectVersion = 46;
	objects = {

/* Begin PBXBuildFile section */
		5721FAC6A402D498B8BAEDA8 /* libPods-Primary.a in Frameworks */ = {isa = PBXBuildFile; fileRef = AF1EE08D347EB17C1B6C1A16 /* libPods-Primary.a */; };
		8211FF481BD87A2D0084AA17 /* main.m in Sources */ = {isa = PBXBuildFile; fileRef = 8211FF471BD87A2D0084AA17 /* main.m */; };
		8211FF4B1BD87A2D0084AA17 /* AppDelegate.m in Sources */ = {isa = PBXBuildFile; fileRef = 8211FF4A1BD87A2D0084AA17 /* AppDelegate.m */; };
		8211FF4E1BD87A2D0084AA17 /* ViewController.m in Sources */ = {isa = PBXBuildFile; fileRef = 8211FF4D1BD87A2D0084AA17 /* ViewController.m */; };
		8211FF511BD87A2D0084AA17 /* Main.storyboard in Resources */ = {isa = PBXBuildFile; fileRef = 8211FF4F1BD87A2D0084AA17 /* Main.storyboard */; };
		8211FF541BD87A2D0084AA17 /* Primary.xcdatamodeld in Sources */ = {isa = PBXBuildFile; fileRef = 8211FF521BD87A2D0084AA17 /* Primary.xcdatamodeld */; };
		8211FF561BD87A2D0084AA17 /* Assets.xcassets in Resources */ = {isa = PBXBuildFile; fileRef = 8211FF551BD87A2D0084AA17 /* Assets.xcassets */; };
		8211FF591BD87A2D0084AA17 /* LaunchScreen.storyboard in Resources */ = {isa = PBXBuildFile; fileRef = 8211FF571BD87A2D0084AA17 /* LaunchScreen.storyboard */; };
		8211FF641BD87A2D0084AA17 /* PrimaryTests.m in Sources */ = {isa = PBXBuildFile; fileRef = 8211FF631BD87A2D0084AA17 /* PrimaryTests.m */; };
		8211FF6F1BD87A2D0084AA17 /* PrimaryUITests.m in Sources */ = {isa = PBXBuildFile; fileRef = 8211FF6E1BD87A2D0084AA17 /* PrimaryUITests.m */; };
		8214D0591BE21FB20088E604 /* baidumobadsdk.bundle in Resources */ = {isa = PBXBuildFile; fileRef = 8214D0521BE21FB20088E604 /* baidumobadsdk.bundle */; };
		8214D05A1BE21FB20088E604 /* libBaiduMobAdSdk64bit.a in Frameworks */ = {isa = PBXBuildFile; fileRef = 8214D0581BE21FB20088E604 /* libBaiduMobAdSdk64bit.a */; };
		8214D05E1BE220320088E604 /* PageScrollView.m in Sources */ = {isa = PBXBuildFile; fileRef = 8214D05D1BE220320088E604 /* PageScrollView.m */; };
		821D90451BDFA3B60026E159 /* AFCMSClient.m in Sources */ = {isa = PBXBuildFile; fileRef = 821D90421BDFA3B60026E159 /* AFCMSClient.m */; };
		821D90461BDFA3B60026E159 /* OVCCMSClient.m in Sources */ = {isa = PBXBuildFile; fileRef = 821D90441BDFA3B60026E159 /* OVCCMSClient.m */; };
		821D904A1BDFA6D70026E159 /* UserCenter.m in Sources */ = {isa = PBXBuildFile; fileRef = 821D90491BDFA6D70026E159 /* UserCenter.m */; };
		821D904E1BDFA72E0026E159 /* UserInfo.m in Sources */ = {isa = PBXBuildFile; fileRef = 821D904D1BDFA72E0026E159 /* UserInfo.m */; };
		821D90511BDFA74E0026E159 /* UserModel.m in Sources */ = {isa = PBXBuildFile; fileRef = 821D90501BDFA74E0026E159 /* UserModel.m */; };
		821D90541BDFA7900026E159 /* MTLModel+KTVNullableScalar.m in Sources */ = {isa = PBXBuildFile; fileRef = 821D90531BDFA7900026E159 /* MTLModel+KTVNullableScalar.m */; };
		821D90571BDFA7B50026E159 /* ResponseModel.m in Sources */ = {isa = PBXBuildFile; fileRef = 821D90561BDFA7B50026E159 /* ResponseModel.m */; };
		821D905A1BDFA7C60026E159 /* ShakeModel.m in Sources */ = {isa = PBXBuildFile; fileRef = 821D90591BDFA7C60026E159 /* ShakeModel.m */; };
		821D905D1BDFA7E20026E159 /* PicAdListModel.m in Sources */ = {isa = PBXBuildFile; fileRef = 821D905C1BDFA7E20026E159 /* PicAdListModel.m */; };
		821D90661BDFA8080026E159 /* ActivityDetailModel.m in Sources */ = {isa = PBXBuildFile; fileRef = 821D905F1BDFA8080026E159 /* ActivityDetailModel.m */; };
		821D90671BDFA8080026E159 /* ActivityListModel.m in Sources */ = {isa = PBXBuildFile; fileRef = 821D90611BDFA8080026E159 /* ActivityListModel.m */; };
		821D90681BDFA8080026E159 /* ParticipantModel.m in Sources */ = {isa = PBXBuildFile; fileRef = 821D90631BDFA8080026E159 /* ParticipantModel.m */; };
		821D90691BDFA8080026E159 /* SuperTotalModel.m in Sources */ = {isa = PBXBuildFile; fileRef = 821D90651BDFA8080026E159 /* SuperTotalModel.m */; };
		821D90711BDFAC910026E159 /* UploadPicsView.m in Sources */ = {isa = PBXBuildFile; fileRef = 821D90701BDFAC910026E159 /* UploadPicsView.m */; };
		8226D9851BEC786800FDCE9D /* BroadcastChannelVC.m in Sources */ = {isa = PBXBuildFile; fileRef = 8226D9841BEC786800FDCE9D /* BroadcastChannelVC.m */; };
		8226D9881BEC78A200FDCE9D /* BroadcastChannelTVC.m in Sources */ = {isa = PBXBuildFile; fileRef = 8226D9871BEC78A200FDCE9D /* BroadcastChannelTVC.m */; };
		8229D5F01BE6F9AA0010AFB7 /* LanguageBundle.m in Sources */ = {isa = PBXBuildFile; fileRef = 8229D5EF1BE6F9AA0010AFB7 /* LanguageBundle.m */; };
		823F0BDD1BE1BA7C00E6A514 /* BadiduMobAdVC.m in Sources */ = {isa = PBXBuildFile; fileRef = 823F0BDC1BE1BA7C00E6A514 /* BadiduMobAdVC.m */; };
		823F0BEF1BE1BBDF00E6A514 /* QuartzCore.framework in Frameworks */ = {isa = PBXBuildFile; fileRef = 823F0BEE1BE1BBDF00E6A514 /* QuartzCore.framework */; };
		823F0BF11BE1BBEA00E6A514 /* Security.framework in Frameworks */ = {isa = PBXBuildFile; fileRef = 823F0BF01BE1BBEA00E6A514 /* Security.framework */; };
		823F0BF31BE1BBF100E6A514 /* AdSupport.framework in Frameworks */ = {isa = PBXBuildFile; fileRef = 823F0BF21BE1BBF100E6A514 /* AdSupport.framework */; };
		823F0BF51BE1BBF800E6A514 /* StoreKit.framework in Frameworks */ = {isa = PBXBuildFile; fileRef = 823F0BF41BE1BBF800E6A514 /* StoreKit.framework */; };
		823F0BF91BE1BCE600E6A514 /* AudioToolbox.framework in Frameworks */ = {isa = PBXBuildFile; fileRef = 823F0BF81BE1BCE600E6A514 /* AudioToolbox.framework */; };
		823F0BFB1BE1BCEE00E6A514 /* CoreMotion.framework in Frameworks */ = {isa = PBXBuildFile; fileRef = 823F0BFA1BE1BCEE00E6A514 /* CoreMotion.framework */; };
		823F0BFD1BE1BCF900E6A514 /* MediaPlayer.framework in Frameworks */ = {isa = PBXBuildFile; fileRef = 823F0BFC1BE1BCF900E6A514 /* MediaPlayer.framework */; };
		823F0BFF1BE1BD0000E6A514 /* AVFoundation.framework in Frameworks */ = {isa = PBXBuildFile; fileRef = 823F0BFE1BE1BD0000E6A514 /* AVFoundation.framework */; };
		823F0C011BE1BD0A00E6A514 /* MessageUI.framework in Frameworks */ = {isa = PBXBuildFile; fileRef = 823F0C001BE1BD0A00E6A514 /* MessageUI.framework */; };
		823F0C031BE1BD1200E6A514 /* CoreLocation.framework in Frameworks */ = {isa = PBXBuildFile; fileRef = 823F0C021BE1BD1200E6A514 /* CoreLocation.framework */; };
		823F0C071BE1BD8400E6A514 /* libz.1.dylib in Frameworks */ = {isa = PBXBuildFile; fileRef = 823F0BF61BE1BCD600E6A514 /* libz.1.dylib */; };
		823F0C081BE1BD9C00E6A514 /* libstdc++.6.0.9.dylib in Frameworks */ = {isa = PBXBuildFile; fileRef = 823F0C041BE1BD4C00E6A514 /* libstdc++.6.0.9.dylib */; };
		823F0C0A1BE1BDA600E6A514 /* CoreTelephony.framework in Frameworks */ = {isa = PBXBuildFile; fileRef = 823F0C091BE1BDA600E6A514 /* CoreTelephony.framework */; };
		823F0C0C1BE1BDAD00E6A514 /* SystemConfiguration.framework in Frameworks */ = {isa = PBXBuildFile; fileRef = 823F0C0B1BE1BDAD00E6A514 /* SystemConfiguration.framework */; };
		823F0C131BE1CCDD00E6A514 /* BaiduMobFirstVC.m in Sources */ = {isa = PBXBuildFile; fileRef = 823F0C121BE1CCDD00E6A514 /* BaiduMobFirstVC.m */; };
		823F0C161BE1CCEF00E6A514 /* BaiduMobSecondVC.m in Sources */ = {isa = PBXBuildFile; fileRef = 823F0C151BE1CCEF00E6A514 /* BaiduMobSecondVC.m */; };
		8255174C1BEB84B3009D10B3 /* UploadPicsManager.m in Sources */ = {isa = PBXBuildFile; fileRef = 8255174B1BEB84B3009D10B3 /* UploadPicsManager.m */; };
		8255174F1BEB8706009D10B3 /* EZUtils.m in Sources */ = {isa = PBXBuildFile; fileRef = 8255174E1BEB8706009D10B3 /* EZUtils.m */; };
		825517531BEB88AE009D10B3 /* Primary.t in Resources */ = {isa = PBXBuildFile; fileRef = 825517521BEB88AE009D10B3 /* Primary.t */; };
		825517561BEB8DD1009D10B3 /* UIImage+Color.m in Sources */ = {isa = PBXBuildFile; fileRef = 825517551BEB8DD1009D10B3 /* UIImage+Color.m */; };
		8255175C1BEB956C009D10B3 /* AppServer.m in Sources */ = {isa = PBXBuildFile; fileRef = 8255175B1BEB956C009D10B3 /* AppServer.m */; };
		8283F3591BF0D256005958FB /* GCDViewController.m in Sources */ = {isa = PBXBuildFile; fileRef = 8283F3581BF0D256005958FB /* GCDViewController.m */; };
		8283F35C1BF0E706005958FB /* GCDAPIVC.m in Sources */ = {isa = PBXBuildFile; fileRef = 8283F35B1BF0E706005958FB /* GCDAPIVC.m */; };
		829E25441BE706E70081C08C /* Localizable.strings in Resources */ = {isa = PBXBuildFile; fileRef = 829E25431BE706E70081C08C /* Localizable.strings */; };
		829E25471BE70FAD0081C08C /* UIImage+Function.m in Sources */ = {isa = PBXBuildFile; fileRef = 829E25461BE70FAD0081C08C /* UIImage+Function.m */; };
		82A118A01BDF9CD200D22130 /* UploadPicsVC.m in Sources */ = {isa = PBXBuildFile; fileRef = 82A1189F1BDF9CD200D22130 /* UploadPicsVC.m */; };
		82A118BF1BDF9DB300D22130 /* UploadManager.m in Sources */ = {isa = PBXBuildFile; fileRef = 82A118B61BDF9DB300D22130 /* UploadManager.m */; };
		82A118DE1BDF9DC700D22130 /* EZColumnItem.m in Sources */ = {isa = PBXBuildFile; fileRef = 82A118C51BDF9DC700D22130 /* EZColumnItem.m */; };
		82A118E91BDF9DC700D22130 /* UploadItem.m in Sources */ = {isa = PBXBuildFile; fileRef = 82A118DB1BDF9DC700D22130 /* UploadItem.m */; };
		82FB32991BE2FD3A00223E3D /* JKImagePickerController.strings in Resources */ = {isa = PBXBuildFile; fileRef = 82FB327A1BE2FD3A00223E3D /* JKImagePickerController.strings */; };
		82FB329A1BE2FD3A00223E3D /* ImagesPicker.xcassets in Resources */ = {isa = PBXBuildFile; fileRef = 82FB327C1BE2FD3A00223E3D /* ImagesPicker.xcassets */; };
		82FB329B1BE2FD3A00223E3D /* JKAssets.m in Sources */ = {isa = PBXBuildFile; fileRef = 82FB32801BE2FD3A00223E3D /* JKAssets.m */; };
		82FB329C1BE2FD3A00223E3D /* JKAssetsCollectionFooterView.m in Sources */ = {isa = PBXBuildFile; fileRef = 82FB32821BE2FD3A00223E3D /* JKAssetsCollectionFooterView.m */; };
		82FB329D1BE2FD3A00223E3D /* JKAssetsGroupCell.m in Sources */ = {isa = PBXBuildFile; fileRef = 82FB32841BE2FD3A00223E3D /* JKAssetsGroupCell.m */; };
		82FB329E1BE2FD3A00223E3D /* JKAssetsGroupsView.m in Sources */ = {isa = PBXBuildFile; fileRef = 82FB32861BE2FD3A00223E3D /* JKAssetsGroupsView.m */; };
		82FB329F1BE2FD3A00223E3D /* JKAssetsThumbnailView.m in Sources */ = {isa = PBXBuildFile; fileRef = 82FB32881BE2FD3A00223E3D /* JKAssetsThumbnailView.m */; };
		82FB32A01BE2FD3A00223E3D /* JKAssetsViewCell.m in Sources */ = {isa = PBXBuildFile; fileRef = 82FB328A1BE2FD3A00223E3D /* JKAssetsViewCell.m */; };
		82FB32A11BE2FD3A00223E3D /* JKImagePickerController.m in Sources */ = {isa = PBXBuildFile; fileRef = 82FB328C1BE2FD3A00223E3D /* JKImagePickerController.m */; };
		82FB32A21BE2FD3A00223E3D /* JKPhotoBrowser.m in Sources */ = {isa = PBXBuildFile; fileRef = 82FB328E1BE2FD3A00223E3D /* JKPhotoBrowser.m */; };
		82FB32A31BE2FD3A00223E3D /* JKPhotoBrowserCell.m in Sources */ = {isa = PBXBuildFile; fileRef = 82FB32901BE2FD3A00223E3D /* JKPhotoBrowserCell.m */; };
		82FB32A41BE2FD3A00223E3D /* JKPromptView.m in Sources */ = {isa = PBXBuildFile; fileRef = 82FB32921BE2FD3A00223E3D /* JKPromptView.m */; };
		82FB32A51BE2FD3A00223E3D /* JKUtil.m in Sources */ = {isa = PBXBuildFile; fileRef = 82FB32941BE2FD3A00223E3D /* JKUtil.m */; };
		82FB32A61BE2FD3A00223E3D /* PhotoAlbumManager.m in Sources */ = {isa = PBXBuildFile; fileRef = 82FB32961BE2FD3A00223E3D /* PhotoAlbumManager.m */; };
		82FB32A71BE2FD3A00223E3D /* UIView+JKPicker.m in Sources */ = {isa = PBXBuildFile; fileRef = 82FB32981BE2FD3A00223E3D /* UIView+JKPicker.m */; };
		82FB32AB1BE2FD8F00223E3D /* FSMediaPicker.m in Sources */ = {isa = PBXBuildFile; fileRef = 82FB32AA1BE2FD8F00223E3D /* FSMediaPicker.m */; };
		82FB32B71BE2FF4D00223E3D /* CLLocation+GPSDictionary.m in Sources */ = {isa = PBXBuildFile; fileRef = 82FB32AE1BE2FF4D00223E3D /* CLLocation+GPSDictionary.m */; };
		82FB32B81BE2FF4D00223E3D /* EZPhilImageView.m in Sources */ = {isa = PBXBuildFile; fileRef = 82FB32B01BE2FF4D00223E3D /* EZPhilImageView.m */; };
		82FB32B91BE2FF4D00223E3D /* EZWriteGPSToImagePhil.m in Sources */ = {isa = PBXBuildFile; fileRef = 82FB32B21BE2FF4D00223E3D /* EZWriteGPSToImagePhil.m */; };
		82FB32BA1BE2FF4D00223E3D /* NSDictionary+CLLocation.m in Sources */ = {isa = PBXBuildFile; fileRef = 82FB32B41BE2FF4D00223E3D /* NSDictionary+CLLocation.m */; };
		82FB32BB1BE2FF4D00223E3D /* UIImageView+Addition.m in Sources */ = {isa = PBXBuildFile; fileRef = 82FB32B61BE2FF4D00223E3D /* UIImageView+Addition.m */; };
/* End PBXBuildFile section */

/* Begin PBXContainerItemProxy section */
		8211FF601BD87A2D0084AA17 /* PBXContainerItemProxy */ = {
			isa = PBXContainerItemProxy;
			containerPortal = 8211FF3B1BD87A2D0084AA17 /* Project object */;
			proxyType = 1;
			remoteGlobalIDString = 8211FF421BD87A2D0084AA17;
			remoteInfo = Primary;
		};
		8211FF6B1BD87A2D0084AA17 /* PBXContainerItemProxy */ = {
			isa = PBXContainerItemProxy;
			containerPortal = 8211FF3B1BD87A2D0084AA17 /* Project object */;
			proxyType = 1;
			remoteGlobalIDString = 8211FF421BD87A2D0084AA17;
			remoteInfo = Primary;
		};
/* End PBXContainerItemProxy section */

/* Begin PBXFileReference section */
		53C31E5419D8097141B612D2 /* Pods-Primary.release.xcconfig */ = {isa = PBXFileReference; includeInIndex = 1; lastKnownFileType = text.xcconfig; name = "Pods-Primary.release.xcconfig"; path = "Pods/Target Support Files/Pods-Primary/Pods-Primary.release.xcconfig"; sourceTree = "<group>"; };
		8211FF431BD87A2D0084AA17 /* Primary.app */ = {isa = PBXFileReference; explicitFileType = wrapper.application; includeInIndex = 0; path = Primary.app; sourceTree = BUILT_PRODUCTS_DIR; };
		8211FF471BD87A2D0084AA17 /* main.m */ = {isa = PBXFileReference; lastKnownFileType = sourcecode.c.objc; path = main.m; sourceTree = "<group>"; };
		8211FF491BD87A2D0084AA17 /* AppDelegate.h */ = {isa = PBXFileReference; lastKnownFileType = sourcecode.c.h; name = AppDelegate.h; path = Primary/AppDelegate.h; sourceTree = "<group>"; };
		8211FF4A1BD87A2D0084AA17 /* AppDelegate.m */ = {isa = PBXFileReference; lastKnownFileType = sourcecode.c.objc; name = AppDelegate.m; path = Primary/AppDelegate.m; sourceTree = "<group>"; };
		8211FF4C1BD87A2D0084AA17 /* ViewController.h */ = {isa = PBXFileReference; lastKnownFileType = sourcecode.c.h; name = ViewController.h; path = Primary/ViewController.h; sourceTree = "<group>"; };
		8211FF4D1BD87A2D0084AA17 /* ViewController.m */ = {isa = PBXFileReference; lastKnownFileType = sourcecode.c.objc; name = ViewController.m; path = Primary/ViewController.m; sourceTree = "<group>"; };
		8211FF501BD87A2D0084AA17 /* Base */ = {isa = PBXFileReference; lastKnownFileType = file.storyboard; name = Base; path = Base.lproj/Main.storyboard; sourceTree = "<group>"; };
		8211FF531BD87A2D0084AA17 /* Primary.xcdatamodel */ = {isa = PBXFileReference; lastKnownFileType = wrapper.xcdatamodel; path = Primary.xcdatamodel; sourceTree = "<group>"; };
		8211FF551BD87A2D0084AA17 /* Assets.xcassets */ = {isa = PBXFileReference; lastKnownFileType = folder.assetcatalog; path = Assets.xcassets; sourceTree = "<group>"; };
		8211FF581BD87A2D0084AA17 /* Base */ = {isa = PBXFileReference; lastKnownFileType = file.storyboard; name = Base; path = Base.lproj/LaunchScreen.storyboard; sourceTree = "<group>"; };
		8211FF5A1BD87A2D0084AA17 /* Info.plist */ = {isa = PBXFileReference; lastKnownFileType = text.plist.xml; path = Info.plist; sourceTree = "<group>"; };
		8211FF5F1BD87A2D0084AA17 /* PrimaryTests.xctest */ = {isa = PBXFileReference; explicitFileType = wrapper.cfbundle; includeInIndex = 0; path = PrimaryTests.xctest; sourceTree = BUILT_PRODUCTS_DIR; };
		8211FF631BD87A2D0084AA17 /* PrimaryTests.m */ = {isa = PBXFileReference; lastKnownFileType = sourcecode.c.objc; path = PrimaryTests.m; sourceTree = "<group>"; };
		8211FF651BD87A2D0084AA17 /* Info.plist */ = {isa = PBXFileReference; lastKnownFileType = text.plist.xml; path = Info.plist; sourceTree = "<group>"; };
		8211FF6A1BD87A2D0084AA17 /* PrimaryUITests.xctest */ = {isa = PBXFileReference; explicitFileType = wrapper.cfbundle; includeInIndex = 0; path = PrimaryUITests.xctest; sourceTree = BUILT_PRODUCTS_DIR; };
		8211FF6E1BD87A2D0084AA17 /* PrimaryUITests.m */ = {isa = PBXFileReference; lastKnownFileType = sourcecode.c.objc; path = PrimaryUITests.m; sourceTree = "<group>"; };
		8211FF701BD87A2D0084AA17 /* Info.plist */ = {isa = PBXFileReference; lastKnownFileType = text.plist.xml; path = Info.plist; sourceTree = "<group>"; };
		8214D04C1BE21FB20088E604 /* BaiduMobAdCommonConfig.h */ = {isa = PBXFileReference; fileEncoding = 4; lastKnownFileType = sourcecode.c.h; path = BaiduMobAdCommonConfig.h; sourceTree = "<group>"; };
		8214D04D1BE21FB20088E604 /* BaiduMobAdDelegateProtocol.h */ = {isa = PBXFileReference; fileEncoding = 4; lastKnownFileType = sourcecode.c.h; path = BaiduMobAdDelegateProtocol.h; sourceTree = "<group>"; };
		8214D04E1BE21FB20088E604 /* BaiduMobAdInterstitial.h */ = {isa = PBXFileReference; fileEncoding = 4; lastKnownFileType = sourcecode.c.h; path = BaiduMobAdInterstitial.h; sourceTree = "<group>"; };
		8214D04F1BE21FB20088E604 /* BaiduMobAdInterstitialDelegate.h */ = {isa = PBXFileReference; fileEncoding = 4; lastKnownFileType = sourcecode.c.h; path = BaiduMobAdInterstitialDelegate.h; sourceTree = "<group>"; };
		8214D0501BE21FB20088E604 /* BaiduMobAdRecommendDelegateProtocol.h */ = {isa = PBXFileReference; fileEncoding = 4; lastKnownFileType = sourcecode.c.h; path = BaiduMobAdRecommendDelegateProtocol.h; sourceTree = "<group>"; };
		8214D0511BE21FB20088E604 /* BaiduMobAdRecommendIcon.h */ = {isa = PBXFileReference; fileEncoding = 4; lastKnownFileType = sourcecode.c.h; path = BaiduMobAdRecommendIcon.h; sourceTree = "<group>"; };
		8214D0521BE21FB20088E604 /* baidumobadsdk.bundle */ = {isa = PBXFileReference; lastKnownFileType = "wrapper.plug-in"; path = baidumobadsdk.bundle; sourceTree = "<group>"; };
		8214D0531BE21FB20088E604 /* BaiduMobAdSplash.h */ = {isa = PBXFileReference; fileEncoding = 4; lastKnownFileType = sourcecode.c.h; path = BaiduMobAdSplash.h; sourceTree = "<group>"; };
		8214D0541BE21FB20088E604 /* BaiduMobAdSplashDelegate.h */ = {isa = PBXFileReference; fileEncoding = 4; lastKnownFileType = sourcecode.c.h; path = BaiduMobAdSplashDelegate.h; sourceTree = "<group>"; };
		8214D0551BE21FB20088E604 /* BaiduMobAdVideoDelegate.h */ = {isa = PBXFileReference; fileEncoding = 4; lastKnownFileType = sourcecode.c.h; path = BaiduMobAdVideoDelegate.h; sourceTree = "<group>"; };
		8214D0561BE21FB20088E604 /* BaiduMobAdVideoView.h */ = {isa = PBXFileReference; fileEncoding = 4; lastKnownFileType = sourcecode.c.h; path = BaiduMobAdVideoView.h; sourceTree = "<group>"; };
		8214D0571BE21FB20088E604 /* BaiduMobAdView.h */ = {isa = PBXFileReference; fileEncoding = 4; lastKnownFileType = sourcecode.c.h; path = BaiduMobAdView.h; sourceTree = "<group>"; };
		8214D0581BE21FB20088E604 /* libBaiduMobAdSdk64bit.a */ = {isa = PBXFileReference; lastKnownFileType = archive.ar; path = libBaiduMobAdSdk64bit.a; sourceTree = "<group>"; };
		8214D05C1BE220320088E604 /* PageScrollView.h */ = {isa = PBXFileReference; fileEncoding = 4; lastKnownFileType = sourcecode.c.h; path = PageScrollView.h; sourceTree = "<group>"; };
		8214D05D1BE220320088E604 /* PageScrollView.m */ = {isa = PBXFileReference; fileEncoding = 4; lastKnownFileType = sourcecode.c.objc; path = PageScrollView.m; sourceTree = "<group>"; };
		8214D05F1BE222DA0088E604 /* ContentPage.h */ = {isa = PBXFileReference; fileEncoding = 4; lastKnownFileType = sourcecode.c.h; path = ContentPage.h; sourceTree = "<group>"; };
		821D90411BDFA3B60026E159 /* AFCMSClient.h */ = {isa = PBXFileReference; fileEncoding = 4; lastKnownFileType = sourcecode.c.h; path = AFCMSClient.h; sourceTree = "<group>"; };
		821D90421BDFA3B60026E159 /* AFCMSClient.m */ = {isa = PBXFileReference; fileEncoding = 4; lastKnownFileType = sourcecode.c.objc; path = AFCMSClient.m; sourceTree = "<group>"; };
		821D90431BDFA3B60026E159 /* OVCCMSClient.h */ = {isa = PBXFileReference; fileEncoding = 4; lastKnownFileType = sourcecode.c.h; path = OVCCMSClient.h; sourceTree = "<group>"; };
		821D90441BDFA3B60026E159 /* OVCCMSClient.m */ = {isa = PBXFileReference; fileEncoding = 4; lastKnownFileType = sourcecode.c.objc; path = OVCCMSClient.m; sourceTree = "<group>"; };
		821D90481BDFA6D70026E159 /* UserCenter.h */ = {isa = PBXFileReference; fileEncoding = 4; lastKnownFileType = sourcecode.c.h; path = UserCenter.h; sourceTree = "<group>"; };
		821D90491BDFA6D70026E159 /* UserCenter.m */ = {isa = PBXFileReference; fileEncoding = 4; lastKnownFileType = sourcecode.c.objc; path = UserCenter.m; sourceTree = "<group>"; };
		821D904C1BDFA72E0026E159 /* UserInfo.h */ = {isa = PBXFileReference; fileEncoding = 4; lastKnownFileType = sourcecode.c.h; path = UserInfo.h; sourceTree = "<group>"; };
		821D904D1BDFA72E0026E159 /* UserInfo.m */ = {isa = PBXFileReference; fileEncoding = 4; lastKnownFileType = sourcecode.c.objc; path = UserInfo.m; sourceTree = "<group>"; };
		821D904F1BDFA74E0026E159 /* UserModel.h */ = {isa = PBXFileReference; fileEncoding = 4; lastKnownFileType = sourcecode.c.h; path = UserModel.h; sourceTree = "<group>"; };
		821D90501BDFA74E0026E159 /* UserModel.m */ = {isa = PBXFileReference; fileEncoding = 4; lastKnownFileType = sourcecode.c.objc; path = UserModel.m; sourceTree = "<group>"; };
		821D90521BDFA7900026E159 /* MTLModel+KTVNullableScalar.h */ = {isa = PBXFileReference; fileEncoding = 4; lastKnownFileType = sourcecode.c.h; path = "MTLModel+KTVNullableScalar.h"; sourceTree = "<group>"; };
		821D90531BDFA7900026E159 /* MTLModel+KTVNullableScalar.m */ = {isa = PBXFileReference; fileEncoding = 4; lastKnownFileType = sourcecode.c.objc; path = "MTLModel+KTVNullableScalar.m"; sourceTree = "<group>"; };
		821D90551BDFA7B50026E159 /* ResponseModel.h */ = {isa = PBXFileReference; fileEncoding = 4; lastKnownFileType = sourcecode.c.h; path = ResponseModel.h; sourceTree = "<group>"; };
		821D90561BDFA7B50026E159 /* ResponseModel.m */ = {isa = PBXFileReference; fileEncoding = 4; lastKnownFileType = sourcecode.c.objc; path = ResponseModel.m; sourceTree = "<group>"; };
		821D90581BDFA7C60026E159 /* ShakeModel.h */ = {isa = PBXFileReference; fileEncoding = 4; lastKnownFileType = sourcecode.c.h; path = ShakeModel.h; sourceTree = "<group>"; };
		821D90591BDFA7C60026E159 /* ShakeModel.m */ = {isa = PBXFileReference; fileEncoding = 4; lastKnownFileType = sourcecode.c.objc; path = ShakeModel.m; sourceTree = "<group>"; };
		821D905B1BDFA7E20026E159 /* PicAdListModel.h */ = {isa = PBXFileReference; fileEncoding = 4; lastKnownFileType = sourcecode.c.h; path = PicAdListModel.h; sourceTree = "<group>"; };
		821D905C1BDFA7E20026E159 /* PicAdListModel.m */ = {isa = PBXFileReference; fileEncoding = 4; lastKnownFileType = sourcecode.c.objc; path = PicAdListModel.m; sourceTree = "<group>"; };
		821D905E1BDFA8080026E159 /* ActivityDetailModel.h */ = {isa = PBXFileReference; fileEncoding = 4; lastKnownFileType = sourcecode.c.h; path = ActivityDetailModel.h; sourceTree = "<group>"; };
		821D905F1BDFA8080026E159 /* ActivityDetailModel.m */ = {isa = PBXFileReference; fileEncoding = 4; lastKnownFileType = sourcecode.c.objc; path = ActivityDetailModel.m; sourceTree = "<group>"; };
		821D90601BDFA8080026E159 /* ActivityListModel.h */ = {isa = PBXFileReference; fileEncoding = 4; lastKnownFileType = sourcecode.c.h; path = ActivityListModel.h; sourceTree = "<group>"; };
		821D90611BDFA8080026E159 /* ActivityListModel.m */ = {isa = PBXFileReference; fileEncoding = 4; lastKnownFileType = sourcecode.c.objc; path = ActivityListModel.m; sourceTree = "<group>"; };
		821D90621BDFA8080026E159 /* ParticipantModel.h */ = {isa = PBXFileReference; fileEncoding = 4; lastKnownFileType = sourcecode.c.h; path = ParticipantModel.h; sourceTree = "<group>"; };
		821D90631BDFA8080026E159 /* ParticipantModel.m */ = {isa = PBXFileReference; fileEncoding = 4; lastKnownFileType = sourcecode.c.objc; path = ParticipantModel.m; sourceTree = "<group>"; };
		821D90641BDFA8080026E159 /* SuperTotalModel.h */ = {isa = PBXFileReference; fileEncoding = 4; lastKnownFileType = sourcecode.c.h; path = SuperTotalModel.h; sourceTree = "<group>"; };
		821D90651BDFA8080026E159 /* SuperTotalModel.m */ = {isa = PBXFileReference; fileEncoding = 4; lastKnownFileType = sourcecode.c.objc; path = SuperTotalModel.m; sourceTree = "<group>"; };
		821D906F1BDFAC910026E159 /* UploadPicsView.h */ = {isa = PBXFileReference; fileEncoding = 4; lastKnownFileType = sourcecode.c.h; path = UploadPicsView.h; sourceTree = "<group>"; };
		821D90701BDFAC910026E159 /* UploadPicsView.m */ = {isa = PBXFileReference; fileEncoding = 4; lastKnownFileType = sourcecode.c.objc; path = UploadPicsView.m; sourceTree = "<group>"; };
		821F5B481BD884B9009B1E9C /* PrimaryPhil.pch */ = {isa = PBXFileReference; fileEncoding = 4; lastKnownFileType = sourcecode.c.h; path = PrimaryPhil.pch; sourceTree = "<group>"; };
		821F5B491BD88591009B1E9C /* Macros.h */ = {isa = PBXFileReference; fileEncoding = 4; lastKnownFileType = sourcecode.c.h; path = Macros.h; sourceTree = "<group>"; };
		8226D9831BEC786800FDCE9D /* BroadcastChannelVC.h */ = {isa = PBXFileReference; fileEncoding = 4; lastKnownFileType = sourcecode.c.h; path = BroadcastChannelVC.h; sourceTree = "<group>"; };
		8226D9841BEC786800FDCE9D /* BroadcastChannelVC.m */ = {isa = PBXFileReference; fileEncoding = 4; lastKnownFileType = sourcecode.c.objc; path = BroadcastChannelVC.m; sourceTree = "<group>"; };
		8226D9861BEC78A200FDCE9D /* BroadcastChannelTVC.h */ = {isa = PBXFileReference; fileEncoding = 4; lastKnownFileType = sourcecode.c.h; path = BroadcastChannelTVC.h; sourceTree = "<group>"; };
		8226D9871BEC78A200FDCE9D /* BroadcastChannelTVC.m */ = {isa = PBXFileReference; fileEncoding = 4; lastKnownFileType = sourcecode.c.objc; path = BroadcastChannelTVC.m; sourceTree = "<group>"; };
		8229D5EE1BE6F9AA0010AFB7 /* LanguageBundle.h */ = {isa = PBXFileReference; fileEncoding = 4; lastKnownFileType = sourcecode.c.h; name = LanguageBundle.h; path = ../External/LanguageBundle.h; sourceTree = "<group>"; };
		8229D5EF1BE6F9AA0010AFB7 /* LanguageBundle.m */ = {isa = PBXFileReference; fileEncoding = 4; lastKnownFileType = sourcecode.c.objc; name = LanguageBundle.m; path = ../External/LanguageBundle.m; sourceTree = "<group>"; };
		823F0BDB1BE1BA7C00E6A514 /* BadiduMobAdVC.h */ = {isa = PBXFileReference; fileEncoding = 4; lastKnownFileType = sourcecode.c.h; path = BadiduMobAdVC.h; sourceTree = "<group>"; };
		823F0BDC1BE1BA7C00E6A514 /* BadiduMobAdVC.m */ = {isa = PBXFileReference; fileEncoding = 4; lastKnownFileType = sourcecode.c.objc; path = BadiduMobAdVC.m; sourceTree = "<group>"; };
		823F0BEE1BE1BBDF00E6A514 /* QuartzCore.framework */ = {isa = PBXFileReference; lastKnownFileType = wrapper.framework; name = QuartzCore.framework; path = System/Library/Frameworks/QuartzCore.framework; sourceTree = SDKROOT; };
		823F0BF01BE1BBEA00E6A514 /* Security.framework */ = {isa = PBXFileReference; lastKnownFileType = wrapper.framework; name = Security.framework; path = System/Library/Frameworks/Security.framework; sourceTree = SDKROOT; };
		823F0BF21BE1BBF100E6A514 /* AdSupport.framework */ = {isa = PBXFileReference; lastKnownFileType = wrapper.framework; name = AdSupport.framework; path = System/Library/Frameworks/AdSupport.framework; sourceTree = SDKROOT; };
		823F0BF41BE1BBF800E6A514 /* StoreKit.framework */ = {isa = PBXFileReference; lastKnownFileType = wrapper.framework; name = StoreKit.framework; path = System/Library/Frameworks/StoreKit.framework; sourceTree = SDKROOT; };
		823F0BF61BE1BCD600E6A514 /* libz.1.dylib */ = {isa = PBXFileReference; lastKnownFileType = "compiled.mach-o.dylib"; name = libz.1.dylib; path = ../../../../usr/lib/libz.1.dylib; sourceTree = "<group>"; };
		823F0BF81BE1BCE600E6A514 /* AudioToolbox.framework */ = {isa = PBXFileReference; lastKnownFileType = wrapper.framework; name = AudioToolbox.framework; path = System/Library/Frameworks/AudioToolbox.framework; sourceTree = SDKROOT; };
		823F0BFA1BE1BCEE00E6A514 /* CoreMotion.framework */ = {isa = PBXFileReference; lastKnownFileType = wrapper.framework; name = CoreMotion.framework; path = System/Library/Frameworks/CoreMotion.framework; sourceTree = SDKROOT; };
		823F0BFC1BE1BCF900E6A514 /* MediaPlayer.framework */ = {isa = PBXFileReference; lastKnownFileType = wrapper.framework; name = MediaPlayer.framework; path = System/Library/Frameworks/MediaPlayer.framework; sourceTree = SDKROOT; };
		823F0BFE1BE1BD0000E6A514 /* AVFoundation.framework */ = {isa = PBXFileReference; lastKnownFileType = wrapper.framework; name = AVFoundation.framework; path = System/Library/Frameworks/AVFoundation.framework; sourceTree = SDKROOT; };
		823F0C001BE1BD0A00E6A514 /* MessageUI.framework */ = {isa = PBXFileReference; lastKnownFileType = wrapper.framework; name = MessageUI.framework; path = System/Library/Frameworks/MessageUI.framework; sourceTree = SDKROOT; };
		823F0C021BE1BD1200E6A514 /* CoreLocation.framework */ = {isa = PBXFileReference; lastKnownFileType = wrapper.framework; name = CoreLocation.framework; path = System/Library/Frameworks/CoreLocation.framework; sourceTree = SDKROOT; };
		823F0C041BE1BD4C00E6A514 /* libstdc++.6.0.9.dylib */ = {isa = PBXFileReference; lastKnownFileType = "compiled.mach-o.dylib"; name = "libstdc++.6.0.9.dylib"; path = "../../../../usr/lib/libstdc++.6.0.9.dylib"; sourceTree = "<group>"; };
		823F0C091BE1BDA600E6A514 /* CoreTelephony.framework */ = {isa = PBXFileReference; lastKnownFileType = wrapper.framework; name = CoreTelephony.framework; path = System/Library/Frameworks/CoreTelephony.framework; sourceTree = SDKROOT; };
		823F0C0B1BE1BDAD00E6A514 /* SystemConfiguration.framework */ = {isa = PBXFileReference; lastKnownFileType = wrapper.framework; name = SystemConfiguration.framework; path = System/Library/Frameworks/SystemConfiguration.framework; sourceTree = SDKROOT; };
		823F0C111BE1CCDD00E6A514 /* BaiduMobFirstVC.h */ = {isa = PBXFileReference; fileEncoding = 4; lastKnownFileType = sourcecode.c.h; path = BaiduMobFirstVC.h; sourceTree = "<group>"; };
		823F0C121BE1CCDD00E6A514 /* BaiduMobFirstVC.m */ = {isa = PBXFileReference; fileEncoding = 4; lastKnownFileType = sourcecode.c.objc; path = BaiduMobFirstVC.m; sourceTree = "<group>"; };
		823F0C141BE1CCEF00E6A514 /* BaiduMobSecondVC.h */ = {isa = PBXFileReference; fileEncoding = 4; lastKnownFileType = sourcecode.c.h; path = BaiduMobSecondVC.h; sourceTree = "<group>"; };
		823F0C151BE1CCEF00E6A514 /* BaiduMobSecondVC.m */ = {isa = PBXFileReference; fileEncoding = 4; lastKnownFileType = sourcecode.c.objc; path = BaiduMobSecondVC.m; sourceTree = "<group>"; };
		8255174A1BEB84B3009D10B3 /* UploadPicsManager.h */ = {isa = PBXFileReference; fileEncoding = 4; lastKnownFileType = sourcecode.c.h; path = UploadPicsManager.h; sourceTree = "<group>"; };
		8255174B1BEB84B3009D10B3 /* UploadPicsManager.m */ = {isa = PBXFileReference; fileEncoding = 4; lastKnownFileType = sourcecode.c.objc; path = UploadPicsManager.m; sourceTree = "<group>"; };
		8255174D1BEB8706009D10B3 /* EZUtils.h */ = {isa = PBXFileReference; fileEncoding = 4; lastKnownFileType = sourcecode.c.h; path = EZUtils.h; sourceTree = "<group>"; };
		8255174E1BEB8706009D10B3 /* EZUtils.m */ = {isa = PBXFileReference; fileEncoding = 4; lastKnownFileType = sourcecode.c.objc; path = EZUtils.m; sourceTree = "<group>"; };
		825517521BEB88AE009D10B3 /* Primary.t */ = {isa = PBXFileReference; fileEncoding = 4; lastKnownFileType = text; name = Primary.t; path = ../../../xiaohancheng/Documents/Primary/Primary.t; sourceTree = "<group>"; };
		825517541BEB8DD1009D10B3 /* UIImage+Color.h */ = {isa = PBXFileReference; fileEncoding = 4; lastKnownFileType = sourcecode.c.h; path = "UIImage+Color.h"; sourceTree = "<group>"; };
		825517551BEB8DD1009D10B3 /* UIImage+Color.m */ = {isa = PBXFileReference; fileEncoding = 4; lastKnownFileType = sourcecode.c.objc; path = "UIImage+Color.m"; sourceTree = "<group>"; };
		8255175A1BEB956C009D10B3 /* AppServer.h */ = {isa = PBXFileReference; fileEncoding = 4; lastKnownFileType = sourcecode.c.h; path = AppServer.h; sourceTree = "<group>"; };
		8255175B1BEB956C009D10B3 /* AppServer.m */ = {isa = PBXFileReference; fileEncoding = 4; lastKnownFileType = sourcecode.c.objc; path = AppServer.m; sourceTree = "<group>"; };
		8283F3571BF0D256005958FB /* GCDViewController.h */ = {isa = PBXFileReference; fileEncoding = 4; lastKnownFileType = sourcecode.c.h; path = GCDViewController.h; sourceTree = "<group>"; };
		8283F3581BF0D256005958FB /* GCDViewController.m */ = {isa = PBXFileReference; fileEncoding = 4; lastKnownFileType = sourcecode.c.objc; path = GCDViewController.m; sourceTree = "<group>"; };
		8283F35A1BF0E706005958FB /* GCDAPIVC.h */ = {isa = PBXFileReference; fileEncoding = 4; lastKnownFileType = sourcecode.c.h; path = GCDAPIVC.h; sourceTree = "<group>"; };
		8283F35B1BF0E706005958FB /* GCDAPIVC.m */ = {isa = PBXFileReference; fileEncoding = 4; lastKnownFileType = sourcecode.c.objc; path = GCDAPIVC.m; sourceTree = "<group>"; };
		829E25431BE706E70081C08C /* Localizable.strings */ = {isa = PBXFileReference; fileEncoding = 4; lastKnownFileType = text.plist.strings; name = Localizable.strings; path = ../../../../xiaohancheng/Documents/Primary/Primary/Utils/Localizable.strings; sourceTree = "<group>"; };
		829E25451BE70FAD0081C08C /* UIImage+Function.h */ = {isa = PBXFileReference; fileEncoding = 4; lastKnownFileType = sourcecode.c.h; path = "UIImage+Function.h"; sourceTree = "<group>"; };
		829E25461BE70FAD0081C08C /* UIImage+Function.m */ = {isa = PBXFileReference; fileEncoding = 4; lastKnownFileType = sourcecode.c.objc; path = "UIImage+Function.m"; sourceTree = "<group>"; };
		82A1189E1BDF9CD200D22130 /* UploadPicsVC.h */ = {isa = PBXFileReference; fileEncoding = 4; lastKnownFileType = sourcecode.c.h; path = UploadPicsVC.h; sourceTree = "<group>"; };
		82A1189F1BDF9CD200D22130 /* UploadPicsVC.m */ = {isa = PBXFileReference; fileEncoding = 4; lastKnownFileType = sourcecode.c.objc; path = UploadPicsVC.m; sourceTree = "<group>"; };
		82A118B51BDF9DB300D22130 /* UploadManager.h */ = {isa = PBXFileReference; fileEncoding = 4; lastKnownFileType = sourcecode.c.h; path = UploadManager.h; sourceTree = "<group>"; };
		82A118B61BDF9DB300D22130 /* UploadManager.m */ = {isa = PBXFileReference; fileEncoding = 4; lastKnownFileType = sourcecode.c.objc; path = UploadManager.m; sourceTree = "<group>"; };
		82A118C41BDF9DC700D22130 /* EZColumnItem.h */ = {isa = PBXFileReference; fileEncoding = 4; lastKnownFileType = sourcecode.c.h; path = EZColumnItem.h; sourceTree = "<group>"; };
		82A118C51BDF9DC700D22130 /* EZColumnItem.m */ = {isa = PBXFileReference; fileEncoding = 4; lastKnownFileType = sourcecode.c.objc; path = EZColumnItem.m; sourceTree = "<group>"; };
		82A118DA1BDF9DC700D22130 /* UploadItem.h */ = {isa = PBXFileReference; fileEncoding = 4; lastKnownFileType = sourcecode.c.h; path = UploadItem.h; sourceTree = "<group>"; };
		82A118DB1BDF9DC700D22130 /* UploadItem.m */ = {isa = PBXFileReference; fileEncoding = 4; lastKnownFileType = sourcecode.c.objc; path = UploadItem.m; sourceTree = "<group>"; };
		82FB327B1BE2FD3A00223E3D /* en */ = {isa = PBXFileReference; lastKnownFileType = text.plist.strings; name = en; path = en.lproj/JKImagePickerController.strings; sourceTree = "<group>"; };
		82FB327C1BE2FD3A00223E3D /* ImagesPicker.xcassets */ = {isa = PBXFileReference; lastKnownFileType = folder.assetcatalog; path = ImagesPicker.xcassets; sourceTree = "<group>"; };
		82FB327D1BE2FD3A00223E3D /* zh-Hans */ = {isa = PBXFileReference; lastKnownFileType = text.plist.strings; name = "zh-Hans"; path = "zh-Hans.lproj/JKImagePickerController.strings"; sourceTree = "<group>"; };
		82FB327F1BE2FD3A00223E3D /* JKAssets.h */ = {isa = PBXFileReference; fileEncoding = 4; lastKnownFileType = sourcecode.c.h; path = JKAssets.h; sourceTree = "<group>"; };
		82FB32801BE2FD3A00223E3D /* JKAssets.m */ = {isa = PBXFileReference; fileEncoding = 4; lastKnownFileType = sourcecode.c.objc; path = JKAssets.m; sourceTree = "<group>"; };
		82FB32811BE2FD3A00223E3D /* JKAssetsCollectionFooterView.h */ = {isa = PBXFileReference; fileEncoding = 4; lastKnownFileType = sourcecode.c.h; path = JKAssetsCollectionFooterView.h; sourceTree = "<group>"; };
		82FB32821BE2FD3A00223E3D /* JKAssetsCollectionFooterView.m */ = {isa = PBXFileReference; fileEncoding = 4; lastKnownFileType = sourcecode.c.objc; path = JKAssetsCollectionFooterView.m; sourceTree = "<group>"; };
		82FB32831BE2FD3A00223E3D /* JKAssetsGroupCell.h */ = {isa = PBXFileReference; fileEncoding = 4; lastKnownFileType = sourcecode.c.h; path = JKAssetsGroupCell.h; sourceTree = "<group>"; };
		82FB32841BE2FD3A00223E3D /* JKAssetsGroupCell.m */ = {isa = PBXFileReference; fileEncoding = 4; lastKnownFileType = sourcecode.c.objc; path = JKAssetsGroupCell.m; sourceTree = "<group>"; };
		82FB32851BE2FD3A00223E3D /* JKAssetsGroupsView.h */ = {isa = PBXFileReference; fileEncoding = 4; lastKnownFileType = sourcecode.c.h; path = JKAssetsGroupsView.h; sourceTree = "<group>"; };
		82FB32861BE2FD3A00223E3D /* JKAssetsGroupsView.m */ = {isa = PBXFileReference; fileEncoding = 4; lastKnownFileType = sourcecode.c.objc; path = JKAssetsGroupsView.m; sourceTree = "<group>"; };
		82FB32871BE2FD3A00223E3D /* JKAssetsThumbnailView.h */ = {isa = PBXFileReference; fileEncoding = 4; lastKnownFileType = sourcecode.c.h; path = JKAssetsThumbnailView.h; sourceTree = "<group>"; };
		82FB32881BE2FD3A00223E3D /* JKAssetsThumbnailView.m */ = {isa = PBXFileReference; fileEncoding = 4; lastKnownFileType = sourcecode.c.objc; path = JKAssetsThumbnailView.m; sourceTree = "<group>"; };
		82FB32891BE2FD3A00223E3D /* JKAssetsViewCell.h */ = {isa = PBXFileReference; fileEncoding = 4; lastKnownFileType = sourcecode.c.h; path = JKAssetsViewCell.h; sourceTree = "<group>"; };
		82FB328A1BE2FD3A00223E3D /* JKAssetsViewCell.m */ = {isa = PBXFileReference; fileEncoding = 4; lastKnownFileType = sourcecode.c.objc; path = JKAssetsViewCell.m; sourceTree = "<group>"; };
		82FB328B1BE2FD3A00223E3D /* JKImagePickerController.h */ = {isa = PBXFileReference; fileEncoding = 4; lastKnownFileType = sourcecode.c.h; path = JKImagePickerController.h; sourceTree = "<group>"; };
		82FB328C1BE2FD3A00223E3D /* JKImagePickerController.m */ = {isa = PBXFileReference; fileEncoding = 4; lastKnownFileType = sourcecode.c.objc; path = JKImagePickerController.m; sourceTree = "<group>"; };
		82FB328D1BE2FD3A00223E3D /* JKPhotoBrowser.h */ = {isa = PBXFileReference; fileEncoding = 4; lastKnownFileType = sourcecode.c.h; path = JKPhotoBrowser.h; sourceTree = "<group>"; };
		82FB328E1BE2FD3A00223E3D /* JKPhotoBrowser.m */ = {isa = PBXFileReference; fileEncoding = 4; lastKnownFileType = sourcecode.c.objc; path = JKPhotoBrowser.m; sourceTree = "<group>"; };
		82FB328F1BE2FD3A00223E3D /* JKPhotoBrowserCell.h */ = {isa = PBXFileReference; fileEncoding = 4; lastKnownFileType = sourcecode.c.h; path = JKPhotoBrowserCell.h; sourceTree = "<group>"; };
		82FB32901BE2FD3A00223E3D /* JKPhotoBrowserCell.m */ = {isa = PBXFileReference; fileEncoding = 4; lastKnownFileType = sourcecode.c.objc; path = JKPhotoBrowserCell.m; sourceTree = "<group>"; };
		82FB32911BE2FD3A00223E3D /* JKPromptView.h */ = {isa = PBXFileReference; fileEncoding = 4; lastKnownFileType = sourcecode.c.h; path = JKPromptView.h; sourceTree = "<group>"; };
		82FB32921BE2FD3A00223E3D /* JKPromptView.m */ = {isa = PBXFileReference; fileEncoding = 4; lastKnownFileType = sourcecode.c.objc; path = JKPromptView.m; sourceTree = "<group>"; };
		82FB32931BE2FD3A00223E3D /* JKUtil.h */ = {isa = PBXFileReference; fileEncoding = 4; lastKnownFileType = sourcecode.c.h; path = JKUtil.h; sourceTree = "<group>"; };
		82FB32941BE2FD3A00223E3D /* JKUtil.m */ = {isa = PBXFileReference; fileEncoding = 4; lastKnownFileType = sourcecode.c.objc; path = JKUtil.m; sourceTree = "<group>"; };
		82FB32951BE2FD3A00223E3D /* PhotoAlbumManager.h */ = {isa = PBXFileReference; fileEncoding = 4; lastKnownFileType = sourcecode.c.h; path = PhotoAlbumManager.h; sourceTree = "<group>"; };
		82FB32961BE2FD3A00223E3D /* PhotoAlbumManager.m */ = {isa = PBXFileReference; fileEncoding = 4; lastKnownFileType = sourcecode.c.objc; path = PhotoAlbumManager.m; sourceTree = "<group>"; };
		82FB32971BE2FD3A00223E3D /* UIView+JKPicker.h */ = {isa = PBXFileReference; fileEncoding = 4; lastKnownFileType = sourcecode.c.h; path = "UIView+JKPicker.h"; sourceTree = "<group>"; };
		82FB32981BE2FD3A00223E3D /* UIView+JKPicker.m */ = {isa = PBXFileReference; fileEncoding = 4; lastKnownFileType = sourcecode.c.objc; path = "UIView+JKPicker.m"; sourceTree = "<group>"; };
		82FB32A91BE2FD8F00223E3D /* FSMediaPicker.h */ = {isa = PBXFileReference; fileEncoding = 4; lastKnownFileType = sourcecode.c.h; path = FSMediaPicker.h; sourceTree = "<group>"; };
		82FB32AA1BE2FD8F00223E3D /* FSMediaPicker.m */ = {isa = PBXFileReference; fileEncoding = 4; lastKnownFileType = sourcecode.c.objc; path = FSMediaPicker.m; sourceTree = "<group>"; };
		82FB32AD1BE2FF4D00223E3D /* CLLocation+GPSDictionary.h */ = {isa = PBXFileReference; fileEncoding = 4; lastKnownFileType = sourcecode.c.h; path = "CLLocation+GPSDictionary.h"; sourceTree = "<group>"; };
		82FB32AE1BE2FF4D00223E3D /* CLLocation+GPSDictionary.m */ = {isa = PBXFileReference; fileEncoding = 4; lastKnownFileType = sourcecode.c.objc; path = "CLLocation+GPSDictionary.m"; sourceTree = "<group>"; };
		82FB32AF1BE2FF4D00223E3D /* EZPhilImageView.h */ = {isa = PBXFileReference; fileEncoding = 4; lastKnownFileType = sourcecode.c.h; path = EZPhilImageView.h; sourceTree = "<group>"; };
		82FB32B01BE2FF4D00223E3D /* EZPhilImageView.m */ = {isa = PBXFileReference; fileEncoding = 4; lastKnownFileType = sourcecode.c.objc; path = EZPhilImageView.m; sourceTree = "<group>"; };
		82FB32B11BE2FF4D00223E3D /* EZWriteGPSToImagePhil.h */ = {isa = PBXFileReference; fileEncoding = 4; lastKnownFileType = sourcecode.c.h; path = EZWriteGPSToImagePhil.h; sourceTree = "<group>"; };
		82FB32B21BE2FF4D00223E3D /* EZWriteGPSToImagePhil.m */ = {isa = PBXFileReference; fileEncoding = 4; lastKnownFileType = sourcecode.c.objc; path = EZWriteGPSToImagePhil.m; sourceTree = "<group>"; };
		82FB32B31BE2FF4D00223E3D /* NSDictionary+CLLocation.h */ = {isa = PBXFileReference; fileEncoding = 4; lastKnownFileType = sourcecode.c.h; path = "NSDictionary+CLLocation.h"; sourceTree = "<group>"; };
		82FB32B41BE2FF4D00223E3D /* NSDictionary+CLLocation.m */ = {isa = PBXFileReference; fileEncoding = 4; lastKnownFileType = sourcecode.c.objc; path = "NSDictionary+CLLocation.m"; sourceTree = "<group>"; };
		82FB32B51BE2FF4D00223E3D /* UIImageView+Addition.h */ = {isa = PBXFileReference; fileEncoding = 4; lastKnownFileType = sourcecode.c.h; path = "UIImageView+Addition.h"; sourceTree = "<group>"; };
		82FB32B61BE2FF4D00223E3D /* UIImageView+Addition.m */ = {isa = PBXFileReference; fileEncoding = 4; lastKnownFileType = sourcecode.c.objc; path = "UIImageView+Addition.m"; sourceTree = "<group>"; };
		A3FD00C3B51601F9FC0E13A4 /* Pods-Primary.debug.xcconfig */ = {isa = PBXFileReference; includeInIndex = 1; lastKnownFileType = text.xcconfig; name = "Pods-Primary.debug.xcconfig"; path = "Pods/Target Support Files/Pods-Primary/Pods-Primary.debug.xcconfig"; sourceTree = "<group>"; };
		AF1EE08D347EB17C1B6C1A16 /* libPods-Primary.a */ = {isa = PBXFileReference; explicitFileType = archive.ar; includeInIndex = 0; path = "libPods-Primary.a"; sourceTree = BUILT_PRODUCTS_DIR; };
/* End PBXFileReference section */

/* Begin PBXFrameworksBuildPhase section */
		8211FF401BD87A2D0084AA17 /* Frameworks */ = {
			isa = PBXFrameworksBuildPhase;
			buildActionMask = 2147483647;
			files = (
				8214D05A1BE21FB20088E604 /* libBaiduMobAdSdk64bit.a in Frameworks */,
				823F0C0C1BE1BDAD00E6A514 /* SystemConfiguration.framework in Frameworks */,
				823F0C0A1BE1BDA600E6A514 /* CoreTelephony.framework in Frameworks */,
				823F0C081BE1BD9C00E6A514 /* libstdc++.6.0.9.dylib in Frameworks */,
				823F0C071BE1BD8400E6A514 /* libz.1.dylib in Frameworks */,
				823F0C031BE1BD1200E6A514 /* CoreLocation.framework in Frameworks */,
				823F0C011BE1BD0A00E6A514 /* MessageUI.framework in Frameworks */,
				823F0BFF1BE1BD0000E6A514 /* AVFoundation.framework in Frameworks */,
				823F0BFD1BE1BCF900E6A514 /* MediaPlayer.framework in Frameworks */,
				823F0BFB1BE1BCEE00E6A514 /* CoreMotion.framework in Frameworks */,
				823F0BF91BE1BCE600E6A514 /* AudioToolbox.framework in Frameworks */,
				823F0BF51BE1BBF800E6A514 /* StoreKit.framework in Frameworks */,
				823F0BF31BE1BBF100E6A514 /* AdSupport.framework in Frameworks */,
				823F0BF11BE1BBEA00E6A514 /* Security.framework in Frameworks */,
				823F0BEF1BE1BBDF00E6A514 /* QuartzCore.framework in Frameworks */,
				5721FAC6A402D498B8BAEDA8 /* libPods-Primary.a in Frameworks */,
			);
			runOnlyForDeploymentPostprocessing = 0;
		};
		8211FF5C1BD87A2D0084AA17 /* Frameworks */ = {
			isa = PBXFrameworksBuildPhase;
			buildActionMask = 2147483647;
			files = (
			);
			runOnlyForDeploymentPostprocessing = 0;
		};
		8211FF671BD87A2D0084AA17 /* Frameworks */ = {
			isa = PBXFrameworksBuildPhase;
			buildActionMask = 2147483647;
			files = (
			);
			runOnlyForDeploymentPostprocessing = 0;
		};
/* End PBXFrameworksBuildPhase section */

/* Begin PBXGroup section */
		0F5E81068C5B5E85441EEEE3 /* Frameworks */ = {
			isa = PBXGroup;
			children = (
				823F0C0B1BE1BDAD00E6A514 /* SystemConfiguration.framework */,
				823F0C091BE1BDA600E6A514 /* CoreTelephony.framework */,
				823F0C041BE1BD4C00E6A514 /* libstdc++.6.0.9.dylib */,
				823F0C021BE1BD1200E6A514 /* CoreLocation.framework */,
				823F0C001BE1BD0A00E6A514 /* MessageUI.framework */,
				823F0BFE1BE1BD0000E6A514 /* AVFoundation.framework */,
				823F0BFC1BE1BCF900E6A514 /* MediaPlayer.framework */,
				823F0BFA1BE1BCEE00E6A514 /* CoreMotion.framework */,
				823F0BF81BE1BCE600E6A514 /* AudioToolbox.framework */,
				823F0BF61BE1BCD600E6A514 /* libz.1.dylib */,
				823F0BF41BE1BBF800E6A514 /* StoreKit.framework */,
				823F0BF21BE1BBF100E6A514 /* AdSupport.framework */,
				823F0BF01BE1BBEA00E6A514 /* Security.framework */,
				823F0BEE1BE1BBDF00E6A514 /* QuartzCore.framework */,
				AF1EE08D347EB17C1B6C1A16 /* libPods-Primary.a */,
			);
			name = Frameworks;
			sourceTree = "<group>";
		};
		3D2B8310E5C78B28DA3F9E2D /* Pods */ = {
			isa = PBXGroup;
			children = (
				A3FD00C3B51601F9FC0E13A4 /* Pods-Primary.debug.xcconfig */,
				53C31E5419D8097141B612D2 /* Pods-Primary.release.xcconfig */,
			);
			name = Pods;
			sourceTree = "<group>";
		};
		8211FF3A1BD87A2D0084AA17 = {
			isa = PBXGroup;
			children = (
				825517521BEB88AE009D10B3 /* Primary.t */,
				8211FF451BD87A2D0084AA17 /* Primary */,
				821F5B491BD88591009B1E9C /* Macros.h */,
				8211FF491BD87A2D0084AA17 /* AppDelegate.h */,
				8211FF4A1BD87A2D0084AA17 /* AppDelegate.m */,
				8211FF4C1BD87A2D0084AA17 /* ViewController.h */,
				8211FF4D1BD87A2D0084AA17 /* ViewController.m */,
				8211FF621BD87A2D0084AA17 /* PrimaryTests */,
				8211FF6D1BD87A2D0084AA17 /* PrimaryUITests */,
				8211FF441BD87A2D0084AA17 /* Products */,
				3D2B8310E5C78B28DA3F9E2D /* Pods */,
				0F5E81068C5B5E85441EEEE3 /* Frameworks */,
			);
			sourceTree = "<group>";
		};
		8211FF441BD87A2D0084AA17 /* Products */ = {
			isa = PBXGroup;
			children = (
				8211FF431BD87A2D0084AA17 /* Primary.app */,
				8211FF5F1BD87A2D0084AA17 /* PrimaryTests.xctest */,
				8211FF6A1BD87A2D0084AA17 /* PrimaryUITests.xctest */,
			);
			name = Products;
			sourceTree = "<group>";
		};
		8211FF451BD87A2D0084AA17 /* Primary */ = {
			isa = PBXGroup;
			children = (
				825352561BD87CC00099D2F4 /* Classes */,
				825352571BD87CC00099D2F4 /* External */,
				825352581BD87CC00099D2F4 /* Utils */,
				8211FF551BD87A2D0084AA17 /* Assets.xcassets */,
				8211FF461BD87A2D0084AA17 /* Supporting Files */,
			);
			path = Primary;
			sourceTree = "<group>";
		};
		8211FF461BD87A2D0084AA17 /* Supporting Files */ = {
			isa = PBXGroup;
			children = (
				829E25431BE706E70081C08C /* Localizable.strings */,
				8211FF4F1BD87A2D0084AA17 /* Main.storyboard */,
				8211FF571BD87A2D0084AA17 /* LaunchScreen.storyboard */,
				8211FF5A1BD87A2D0084AA17 /* Info.plist */,
				8211FF521BD87A2D0084AA17 /* Primary.xcdatamodeld */,
				8211FF471BD87A2D0084AA17 /* main.m */,
				821F5B481BD884B9009B1E9C /* PrimaryPhil.pch */,
			);
			name = "Supporting Files";
			sourceTree = "<group>";
		};
		8211FF621BD87A2D0084AA17 /* PrimaryTests */ = {
			isa = PBXGroup;
			children = (
				8211FF631BD87A2D0084AA17 /* PrimaryTests.m */,
				8211FF651BD87A2D0084AA17 /* Info.plist */,
			);
			path = PrimaryTests;
			sourceTree = "<group>";
		};
		8211FF6D1BD87A2D0084AA17 /* PrimaryUITests */ = {
			isa = PBXGroup;
			children = (
				8211FF6E1BD87A2D0084AA17 /* PrimaryUITests.m */,
				8211FF701BD87A2D0084AA17 /* Info.plist */,
			);
			path = PrimaryUITests;
			sourceTree = "<group>";
		};
		8214D04B1BE21FB20088E604 /* BaiduSSP_API */ = {
			isa = PBXGroup;
			children = (
				8214D04C1BE21FB20088E604 /* BaiduMobAdCommonConfig.h */,
				8214D04D1BE21FB20088E604 /* BaiduMobAdDelegateProtocol.h */,
				8214D04E1BE21FB20088E604 /* BaiduMobAdInterstitial.h */,
				8214D04F1BE21FB20088E604 /* BaiduMobAdInterstitialDelegate.h */,
				8214D0501BE21FB20088E604 /* BaiduMobAdRecommendDelegateProtocol.h */,
				8214D0511BE21FB20088E604 /* BaiduMobAdRecommendIcon.h */,
				8214D0521BE21FB20088E604 /* baidumobadsdk.bundle */,
				8214D0531BE21FB20088E604 /* BaiduMobAdSplash.h */,
				8214D0541BE21FB20088E604 /* BaiduMobAdSplashDelegate.h */,
				8214D0551BE21FB20088E604 /* BaiduMobAdVideoDelegate.h */,
				8214D0561BE21FB20088E604 /* BaiduMobAdVideoView.h */,
				8214D0571BE21FB20088E604 /* BaiduMobAdView.h */,
				8214D0581BE21FB20088E604 /* libBaiduMobAdSdk64bit.a */,
			);
			path = BaiduSSP_API;
			sourceTree = "<group>";
		};
		8214D05B1BE2200B0088E604 /* PageScrollView */ = {
			isa = PBXGroup;
			children = (
				8214D05C1BE220320088E604 /* PageScrollView.h */,
				8214D05D1BE220320088E604 /* PageScrollView.m */,
				8214D05F1BE222DA0088E604 /* ContentPage.h */,
			);
			path = PageScrollView;
			sourceTree = "<group>";
		};
		821D90471BDFA6CB0026E159 /* USER_SDK */ = {
			isa = PBXGroup;
			children = (
				8255175A1BEB956C009D10B3 /* AppServer.h */,
				8255175B1BEB956C009D10B3 /* AppServer.m */,
				821D90481BDFA6D70026E159 /* UserCenter.h */,
				821D90491BDFA6D70026E159 /* UserCenter.m */,
				821D904B1BDFA72E0026E159 /* Model */,
			);
			path = USER_SDK;
			sourceTree = "<group>";
		};
		821D904B1BDFA72E0026E159 /* Model */ = {
			isa = PBXGroup;
			children = (
				821D905E1BDFA8080026E159 /* ActivityDetailModel.h */,
				821D905F1BDFA8080026E159 /* ActivityDetailModel.m */,
				821D90601BDFA8080026E159 /* ActivityListModel.h */,
				821D90611BDFA8080026E159 /* ActivityListModel.m */,
				821D90621BDFA8080026E159 /* ParticipantModel.h */,
				821D90631BDFA8080026E159 /* ParticipantModel.m */,
				821D90641BDFA8080026E159 /* SuperTotalModel.h */,
				821D90651BDFA8080026E159 /* SuperTotalModel.m */,
				821D905B1BDFA7E20026E159 /* PicAdListModel.h */,
				821D905C1BDFA7E20026E159 /* PicAdListModel.m */,
				821D90581BDFA7C60026E159 /* ShakeModel.h */,
				821D90591BDFA7C60026E159 /* ShakeModel.m */,
				821D90551BDFA7B50026E159 /* ResponseModel.h */,
				821D90561BDFA7B50026E159 /* ResponseModel.m */,
				821D904C1BDFA72E0026E159 /* UserInfo.h */,
				821D904D1BDFA72E0026E159 /* UserInfo.m */,
				821D904F1BDFA74E0026E159 /* UserModel.h */,
				821D90501BDFA74E0026E159 /* UserModel.m */,
			);
			path = Model;
			sourceTree = "<group>";
		};
		8226D9821BEC771200FDCE9D /* Broadcast */ = {
			isa = PBXGroup;
			children = (
				8226D9831BEC786800FDCE9D /* BroadcastChannelVC.h */,
				8226D9841BEC786800FDCE9D /* BroadcastChannelVC.m */,
				8226D9861BEC78A200FDCE9D /* BroadcastChannelTVC.h */,
				8226D9871BEC78A200FDCE9D /* BroadcastChannelTVC.m */,
			);
			path = Broadcast;
			sourceTree = "<group>";
		};
		8229D5C91BE6F77A0010AFB7 /* DailyNews */ = {
			isa = PBXGroup;
			children = (
			);
			path = DailyNews;
			sourceTree = "<group>";
		};
		823F0BDA1BE1BA5800E6A514 /* BaiduAd */ = {
			isa = PBXGroup;
			children = (
				823F0BDB1BE1BA7C00E6A514 /* BadiduMobAdVC.h */,
				823F0BDC1BE1BA7C00E6A514 /* BadiduMobAdVC.m */,
				823F0C111BE1CCDD00E6A514 /* BaiduMobFirstVC.h */,
				823F0C121BE1CCDD00E6A514 /* BaiduMobFirstVC.m */,
				823F0C141BE1CCEF00E6A514 /* BaiduMobSecondVC.h */,
				823F0C151BE1CCEF00E6A514 /* BaiduMobSecondVC.m */,
			);
			path = BaiduAd;
			sourceTree = "<group>";
		};
		825352561BD87CC00099D2F4 /* Classes */ = {
			isa = PBXGroup;
			children = (
				8283F3501BF0D1F7005958FB /* GCD */,
				8226D9821BEC771200FDCE9D /* Broadcast */,
				8229D5C91BE6F77A0010AFB7 /* DailyNews */,
				823F0BDA1BE1BA5800E6A514 /* BaiduAd */,
				82A1188B1BDF9A2700D22130 /* UploadPics */,
			);
			name = Classes;
			path = ../../../../xiaohancheng/Documents/Primary/Primary/Classes;
			sourceTree = "<group>";
		};
		825352571BD87CC00099D2F4 /* External */ = {
			isa = PBXGroup;
			children = (
				82FB32A81BE2FD8F00223E3D /* FSMediaPicker */,
				82FB32781BE2FD3A00223E3D /* ImagePicker */,
				8214D04B1BE21FB20088E604 /* BaiduSSP_API */,
				821D90471BDFA6CB0026E159 /* USER_SDK */,
				82A118A11BDF9D5700D22130 /* CMS_SDK */,
			);
			name = External;
			path = ../../../../xiaohancheng/Documents/Primary/Primary/External;
			sourceTree = "<group>";
		};
		825352581BD87CC00099D2F4 /* Utils */ = {
			isa = PBXGroup;
			children = (
				825517541BEB8DD1009D10B3 /* UIImage+Color.h */,
				825517551BEB8DD1009D10B3 /* UIImage+Color.m */,
				8255174D1BEB8706009D10B3 /* EZUtils.h */,
				8255174E1BEB8706009D10B3 /* EZUtils.m */,
				829E25451BE70FAD0081C08C /* UIImage+Function.h */,
				829E25461BE70FAD0081C08C /* UIImage+Function.m */,
				8229D5EE1BE6F9AA0010AFB7 /* LanguageBundle.h */,
				8229D5EF1BE6F9AA0010AFB7 /* LanguageBundle.m */,
				82FB32AC1BE2FF4D00223E3D /* Phil */,
				8214D05B1BE2200B0088E604 /* PageScrollView */,
				821D90521BDFA7900026E159 /* MTLModel+KTVNullableScalar.h */,
				821D90531BDFA7900026E159 /* MTLModel+KTVNullableScalar.m */,
			);
			name = Utils;
			path = ../../../../xiaohancheng/Documents/Primary/Primary/Utils;
			sourceTree = "<group>";
		};
		8283F3501BF0D1F7005958FB /* GCD */ = {
			isa = PBXGroup;
			children = (
				8283F3571BF0D256005958FB /* GCDViewController.h */,
				8283F3581BF0D256005958FB /* GCDViewController.m */,
				8283F35A1BF0E706005958FB /* GCDAPIVC.h */,
				8283F35B1BF0E706005958FB /* GCDAPIVC.m */,
			);
			path = GCD;
			sourceTree = "<group>";
		};
		82A1188B1BDF9A2700D22130 /* UploadPics */ = {
			isa = PBXGroup;
			children = (
				82A1189E1BDF9CD200D22130 /* UploadPicsVC.h */,
				82A1189F1BDF9CD200D22130 /* UploadPicsVC.m */,
				821D906F1BDFAC910026E159 /* UploadPicsView.h */,
				821D90701BDFAC910026E159 /* UploadPicsView.m */,
				8255174A1BEB84B3009D10B3 /* UploadPicsManager.h */,
				8255174B1BEB84B3009D10B3 /* UploadPicsManager.m */,
			);
			path = UploadPics;
			sourceTree = "<group>";
		};
		82A118A11BDF9D5700D22130 /* CMS_SDK */ = {
			isa = PBXGroup;
			children = (
				82A118A21BDF9DA000D22130 /* Engine */,
				82A118A31BDF9DA000D22130 /* Manager */,
				82A118A41BDF9DA000D22130 /* Model */,
			);
			path = CMS_SDK;
			sourceTree = "<group>";
		};
		82A118A21BDF9DA000D22130 /* Engine */ = {
			isa = PBXGroup;
			children = (
				821D90411BDFA3B60026E159 /* AFCMSClient.h */,
				821D90421BDFA3B60026E159 /* AFCMSClient.m */,
				821D90431BDFA3B60026E159 /* OVCCMSClient.h */,
				821D90441BDFA3B60026E159 /* OVCCMSClient.m */,
			);
			path = Engine;
			sourceTree = "<group>";
		};
		82A118A31BDF9DA000D22130 /* Manager */ = {
			isa = PBXGroup;
			children = (
				82A118B51BDF9DB300D22130 /* UploadManager.h */,
				82A118B61BDF9DB300D22130 /* UploadManager.m */,
			);
			path = Manager;
			sourceTree = "<group>";
		};
		82A118A41BDF9DA000D22130 /* Model */ = {
			isa = PBXGroup;
			children = (
				82A118C41BDF9DC700D22130 /* EZColumnItem.h */,
				82A118C51BDF9DC700D22130 /* EZColumnItem.m */,
				82A118DA1BDF9DC700D22130 /* UploadItem.h */,
				82A118DB1BDF9DC700D22130 /* UploadItem.m */,
			);
			path = Model;
			sourceTree = "<group>";
		};
		82FB32781BE2FD3A00223E3D /* ImagePicker */ = {
			isa = PBXGroup;
			children = (
				82FB32791BE2FD3A00223E3D /* Assets */,
				82FB327E1BE2FD3A00223E3D /* Classes */,
			);
			path = ImagePicker;
			sourceTree = "<group>";
		};
		82FB32791BE2FD3A00223E3D /* Assets */ = {
			isa = PBXGroup;
			children = (
				82FB327A1BE2FD3A00223E3D /* JKImagePickerController.strings */,
				82FB327C1BE2FD3A00223E3D /* ImagesPicker.xcassets */,
			);
			path = Assets;
			sourceTree = "<group>";
		};
		82FB327E1BE2FD3A00223E3D /* Classes */ = {
			isa = PBXGroup;
			children = (
				82FB327F1BE2FD3A00223E3D /* JKAssets.h */,
				82FB32801BE2FD3A00223E3D /* JKAssets.m */,
				82FB32811BE2FD3A00223E3D /* JKAssetsCollectionFooterView.h */,
				82FB32821BE2FD3A00223E3D /* JKAssetsCollectionFooterView.m */,
				82FB32831BE2FD3A00223E3D /* JKAssetsGroupCell.h */,
				82FB32841BE2FD3A00223E3D /* JKAssetsGroupCell.m */,
				82FB32851BE2FD3A00223E3D /* JKAssetsGroupsView.h */,
				82FB32861BE2FD3A00223E3D /* JKAssetsGroupsView.m */,
				82FB32871BE2FD3A00223E3D /* JKAssetsThumbnailView.h */,
				82FB32881BE2FD3A00223E3D /* JKAssetsThumbnailView.m */,
				82FB32891BE2FD3A00223E3D /* JKAssetsViewCell.h */,
				82FB328A1BE2FD3A00223E3D /* JKAssetsViewCell.m */,
				82FB328B1BE2FD3A00223E3D /* JKImagePickerController.h */,
				82FB328C1BE2FD3A00223E3D /* JKImagePickerController.m */,
				82FB328D1BE2FD3A00223E3D /* JKPhotoBrowser.h */,
				82FB328E1BE2FD3A00223E3D /* JKPhotoBrowser.m */,
				82FB328F1BE2FD3A00223E3D /* JKPhotoBrowserCell.h */,
				82FB32901BE2FD3A00223E3D /* JKPhotoBrowserCell.m */,
				82FB32911BE2FD3A00223E3D /* JKPromptView.h */,
				82FB32921BE2FD3A00223E3D /* JKPromptView.m */,
				82FB32931BE2FD3A00223E3D /* JKUtil.h */,
				82FB32941BE2FD3A00223E3D /* JKUtil.m */,
				82FB32951BE2FD3A00223E3D /* PhotoAlbumManager.h */,
				82FB32961BE2FD3A00223E3D /* PhotoAlbumManager.m */,
				82FB32971BE2FD3A00223E3D /* UIView+JKPicker.h */,
				82FB32981BE2FD3A00223E3D /* UIView+JKPicker.m */,
			);
			path = Classes;
			sourceTree = "<group>";
		};
		82FB32A81BE2FD8F00223E3D /* FSMediaPicker */ = {
			isa = PBXGroup;
			children = (
				82FB32A91BE2FD8F00223E3D /* FSMediaPicker.h */,
				82FB32AA1BE2FD8F00223E3D /* FSMediaPicker.m */,
			);
			path = FSMediaPicker;
			sourceTree = "<group>";
		};
		82FB32AC1BE2FF4D00223E3D /* Phil */ = {
			isa = PBXGroup;
			children = (
				82FB32AD1BE2FF4D00223E3D /* CLLocation+GPSDictionary.h */,
				82FB32AE1BE2FF4D00223E3D /* CLLocation+GPSDictionary.m */,
				82FB32AF1BE2FF4D00223E3D /* EZPhilImageView.h */,
				82FB32B01BE2FF4D00223E3D /* EZPhilImageView.m */,
				82FB32B11BE2FF4D00223E3D /* EZWriteGPSToImagePhil.h */,
				82FB32B21BE2FF4D00223E3D /* EZWriteGPSToImagePhil.m */,
				82FB32B31BE2FF4D00223E3D /* NSDictionary+CLLocation.h */,
				82FB32B41BE2FF4D00223E3D /* NSDictionary+CLLocation.m */,
				82FB32B51BE2FF4D00223E3D /* UIImageView+Addition.h */,
				82FB32B61BE2FF4D00223E3D /* UIImageView+Addition.m */,
			);
			path = Phil;
			sourceTree = "<group>";
		};
/* End PBXGroup section */

/* Begin PBXNativeTarget section */
		8211FF421BD87A2D0084AA17 /* Primary */ = {
			isa = PBXNativeTarget;
			buildConfigurationList = 8211FF731BD87A2D0084AA17 /* Build configuration list for PBXNativeTarget "Primary" */;
			buildPhases = (
				819661664E213334C567D9FF /* Check Pods Manifest.lock */,
				8211FF3F1BD87A2D0084AA17 /* Sources */,
				8211FF401BD87A2D0084AA17 /* Frameworks */,
				8211FF411BD87A2D0084AA17 /* Resources */,
				BA738941B238086EC2511047 /* Embed Pods Frameworks */,
				A4259BB03C02A6C46F17218B /* Copy Pods Resources */,
			);
			buildRules = (
			);
			dependencies = (
			);
			name = Primary;
			productName = Primary;
			productReference = 8211FF431BD87A2D0084AA17 /* Primary.app */;
			productType = "com.apple.product-type.application";
		};
		8211FF5E1BD87A2D0084AA17 /* PrimaryTests */ = {
			isa = PBXNativeTarget;
			buildConfigurationList = 8211FF761BD87A2D0084AA17 /* Build configuration list for PBXNativeTarget "PrimaryTests" */;
			buildPhases = (
				8211FF5B1BD87A2D0084AA17 /* Sources */,
				8211FF5C1BD87A2D0084AA17 /* Frameworks */,
				8211FF5D1BD87A2D0084AA17 /* Resources */,
			);
			buildRules = (
			);
			dependencies = (
				8211FF611BD87A2D0084AA17 /* PBXTargetDependency */,
			);
			name = PrimaryTests;
			productName = PrimaryTests;
			productReference = 8211FF5F1BD87A2D0084AA17 /* PrimaryTests.xctest */;
			productType = "com.apple.product-type.bundle.unit-test";
		};
		8211FF691BD87A2D0084AA17 /* PrimaryUITests */ = {
			isa = PBXNativeTarget;
			buildConfigurationList = 8211FF791BD87A2D0084AA17 /* Build configuration list for PBXNativeTarget "PrimaryUITests" */;
			buildPhases = (
				8211FF661BD87A2D0084AA17 /* Sources */,
				8211FF671BD87A2D0084AA17 /* Frameworks */,
				8211FF681BD87A2D0084AA17 /* Resources */,
			);
			buildRules = (
			);
			dependencies = (
				8211FF6C1BD87A2D0084AA17 /* PBXTargetDependency */,
			);
			name = PrimaryUITests;
			productName = PrimaryUITests;
			productReference = 8211FF6A1BD87A2D0084AA17 /* PrimaryUITests.xctest */;
			productType = "com.apple.product-type.bundle.ui-testing";
		};
/* End PBXNativeTarget section */

/* Begin PBXProject section */
		8211FF3B1BD87A2D0084AA17 /* Project object */ = {
			isa = PBXProject;
			attributes = {
				LastUpgradeCheck = 0700;
				ORGANIZATIONNAME = Xhc;
				TargetAttributes = {
					8211FF421BD87A2D0084AA17 = {
						CreatedOnToolsVersion = 7.0.1;
						DevelopmentTeam = 273G3TWXME;
						SystemCapabilities = {
							com.apple.Maps.iOS = {
								enabled = 0;
							};
						};
					};
					8211FF5E1BD87A2D0084AA17 = {
						CreatedOnToolsVersion = 7.0.1;
						TestTargetID = 8211FF421BD87A2D0084AA17;
					};
					8211FF691BD87A2D0084AA17 = {
						CreatedOnToolsVersion = 7.0.1;
						TestTargetID = 8211FF421BD87A2D0084AA17;
					};
				};
			};
			buildConfigurationList = 8211FF3E1BD87A2D0084AA17 /* Build configuration list for PBXProject "Primary" */;
			compatibilityVersion = "Xcode 3.2";
			developmentRegion = English;
			hasScannedForEncodings = 0;
			knownRegions = (
				en,
				Base,
				"zh-Hans",
			);
			mainGroup = 8211FF3A1BD87A2D0084AA17;
			productRefGroup = 8211FF441BD87A2D0084AA17 /* Products */;
			projectDirPath = "";
			projectRoot = "";
			targets = (
				8211FF421BD87A2D0084AA17 /* Primary */,
				8211FF5E1BD87A2D0084AA17 /* PrimaryTests */,
				8211FF691BD87A2D0084AA17 /* PrimaryUITests */,
			);
		};
/* End PBXProject section */

/* Begin PBXResourcesBuildPhase section */
		8211FF411BD87A2D0084AA17 /* Resources */ = {
			isa = PBXResourcesBuildPhase;
			buildActionMask = 2147483647;
			files = (
				82FB32991BE2FD3A00223E3D /* JKImagePickerController.strings in Resources */,
				8211FF591BD87A2D0084AA17 /* LaunchScreen.storyboard in Resources */,
				8211FF561BD87A2D0084AA17 /* Assets.xcassets in Resources */,
				829E25441BE706E70081C08C /* Localizable.strings in Resources */,
				82FB329A1BE2FD3A00223E3D /* ImagesPicker.xcassets in Resources */,
				8214D0591BE21FB20088E604 /* baidumobadsdk.bundle in Resources */,
				8211FF511BD87A2D0084AA17 /* Main.storyboard in Resources */,
				825517531BEB88AE009D10B3 /* Primary.t in Resources */,
			);
			runOnlyForDeploymentPostprocessing = 0;
		};
		8211FF5D1BD87A2D0084AA17 /* Resources */ = {
			isa = PBXResourcesBuildPhase;
			buildActionMask = 2147483647;
			files = (
			);
			runOnlyForDeploymentPostprocessing = 0;
		};
		8211FF681BD87A2D0084AA17 /* Resources */ = {
			isa = PBXResourcesBuildPhase;
			buildActionMask = 2147483647;
			files = (
			);
			runOnlyForDeploymentPostprocessing = 0;
		};
/* End PBXResourcesBuildPhase section */

/* Begin PBXShellScriptBuildPhase section */
		819661664E213334C567D9FF /* Check Pods Manifest.lock */ = {
			isa = PBXShellScriptBuildPhase;
			buildActionMask = 2147483647;
			files = (
			);
			inputPaths = (
			);
			name = "Check Pods Manifest.lock";
			outputPaths = (
			);
			runOnlyForDeploymentPostprocessing = 0;
			shellPath = /bin/sh;
			shellScript = "diff \"${PODS_ROOT}/../Podfile.lock\" \"${PODS_ROOT}/Manifest.lock\" > /dev/null\nif [[ $? != 0 ]] ; then\n    cat << EOM\nerror: The sandbox is not in sync with the Podfile.lock. Run 'pod install' or update your CocoaPods installation.\nEOM\n    exit 1\nfi\n";
			showEnvVarsInLog = 0;
		};
		A4259BB03C02A6C46F17218B /* Copy Pods Resources */ = {
			isa = PBXShellScriptBuildPhase;
			buildActionMask = 2147483647;
			files = (
			);
			inputPaths = (
			);
			name = "Copy Pods Resources";
			outputPaths = (
			);
			runOnlyForDeploymentPostprocessing = 0;
			shellPath = /bin/sh;
			shellScript = "\"${SRCROOT}/Pods/Target Support Files/Pods-Primary/Pods-Primary-resources.sh\"\n";
			showEnvVarsInLog = 0;
		};
		BA738941B238086EC2511047 /* Embed Pods Frameworks */ = {
			isa = PBXShellScriptBuildPhase;
			buildActionMask = 2147483647;
			files = (
			);
			inputPaths = (
			);
			name = "Embed Pods Frameworks";
			outputPaths = (
			);
			runOnlyForDeploymentPostprocessing = 0;
			shellPath = /bin/sh;
			shellScript = "\"${SRCROOT}/Pods/Target Support Files/Pods-Primary/Pods-Primary-frameworks.sh\"\n";
			showEnvVarsInLog = 0;
		};
/* End PBXShellScriptBuildPhase section */

/* Begin PBXSourcesBuildPhase section */
		8211FF3F1BD87A2D0084AA17 /* Sources */ = {
			isa = PBXSourcesBuildPhase;
			buildActionMask = 2147483647;
			files = (
				8255175C1BEB956C009D10B3 /* AppServer.m in Sources */,
				8283F3591BF0D256005958FB /* GCDViewController.m in Sources */,
				82FB32A61BE2FD3A00223E3D /* PhotoAlbumManager.m in Sources */,
				821D90541BDFA7900026E159 /* MTLModel+KTVNullableScalar.m in Sources */,
				8211FF541BD87A2D0084AA17 /* Primary.xcdatamodeld in Sources */,
				821D90461BDFA3B60026E159 /* OVCCMSClient.m in Sources */,
				8211FF4E1BD87A2D0084AA17 /* ViewController.m in Sources */,
				829E25471BE70FAD0081C08C /* UIImage+Function.m in Sources */,
				821D905A1BDFA7C60026E159 /* ShakeModel.m in Sources */,
				8229D5F01BE6F9AA0010AFB7 /* LanguageBundle.m in Sources */,
				82FB329D1BE2FD3A00223E3D /* JKAssetsGroupCell.m in Sources */,
				8226D9881BEC78A200FDCE9D /* BroadcastChannelTVC.m in Sources */,
				82A118E91BDF9DC700D22130 /* UploadItem.m in Sources */,
				821D904E1BDFA72E0026E159 /* UserInfo.m in Sources */,
				823F0BDD1BE1BA7C00E6A514 /* BadiduMobAdVC.m in Sources */,
				8255174F1BEB8706009D10B3 /* EZUtils.m in Sources */,
				821D90661BDFA8080026E159 /* ActivityDetailModel.m in Sources */,
				8211FF4B1BD87A2D0084AA17 /* AppDelegate.m in Sources */,
				821D90571BDFA7B50026E159 /* ResponseModel.m in Sources */,
				82FB32A21BE2FD3A00223E3D /* JKPhotoBrowser.m in Sources */,
				82FB32BB1BE2FF4D00223E3D /* UIImageView+Addition.m in Sources */,
				821D90671BDFA8080026E159 /* ActivityListModel.m in Sources */,
				821D90691BDFA8080026E159 /* SuperTotalModel.m in Sources */,
				82FB32A11BE2FD3A00223E3D /* JKImagePickerController.m in Sources */,
				82FB329B1BE2FD3A00223E3D /* JKAssets.m in Sources */,
				8211FF481BD87A2D0084AA17 /* main.m in Sources */,
				82FB32A51BE2FD3A00223E3D /* JKUtil.m in Sources */,
				821D905D1BDFA7E20026E159 /* PicAdListModel.m in Sources */,
				821D90681BDFA8080026E159 /* ParticipantModel.m in Sources */,
				821D90711BDFAC910026E159 /* UploadPicsView.m in Sources */,
				82FB329E1BE2FD3A00223E3D /* JKAssetsGroupsView.m in Sources */,
				823F0C161BE1CCEF00E6A514 /* BaiduMobSecondVC.m in Sources */,
				82FB32B91BE2FF4D00223E3D /* EZWriteGPSToImagePhil.m in Sources */,
				821D90451BDFA3B60026E159 /* AFCMSClient.m in Sources */,
				823F0C131BE1CCDD00E6A514 /* BaiduMobFirstVC.m in Sources */,
				82FB32A01BE2FD3A00223E3D /* JKAssetsViewCell.m in Sources */,
				82FB32A41BE2FD3A00223E3D /* JKPromptView.m in Sources */,
				82FB32B71BE2FF4D00223E3D /* CLLocation+GPSDictionary.m in Sources */,
				821D90511BDFA74E0026E159 /* UserModel.m in Sources */,
				8283F35C1BF0E706005958FB /* GCDAPIVC.m in Sources */,
				82FB329F1BE2FD3A00223E3D /* JKAssetsThumbnailView.m in Sources */,
				825517561BEB8DD1009D10B3 /* UIImage+Color.m in Sources */,
				82FB329C1BE2FD3A00223E3D /* JKAssetsCollectionFooterView.m in Sources */,
				82FB32A31BE2FD3A00223E3D /* JKPhotoBrowserCell.m in Sources */,
				82A118A01BDF9CD200D22130 /* UploadPicsVC.m in Sources */,
				82FB32A71BE2FD3A00223E3D /* UIView+JKPicker.m in Sources */,
				82A118DE1BDF9DC700D22130 /* EZColumnItem.m in Sources */,
				8226D9851BEC786800FDCE9D /* BroadcastChannelVC.m in Sources */,
				82A118BF1BDF9DB300D22130 /* UploadManager.m in Sources */,
				82FB32AB1BE2FD8F00223E3D /* FSMediaPicker.m in Sources */,
				82FB32B81BE2FF4D00223E3D /* EZPhilImageView.m in Sources */,
				82FB32BA1BE2FF4D00223E3D /* NSDictionary+CLLocation.m in Sources */,
				8255174C1BEB84B3009D10B3 /* UploadPicsManager.m in Sources */,
				821D904A1BDFA6D70026E159 /* UserCenter.m in Sources */,
				8214D05E1BE220320088E604 /* PageScrollView.m in Sources */,
			);
			runOnlyForDeploymentPostprocessing = 0;
		};
		8211FF5B1BD87A2D0084AA17 /* Sources */ = {
			isa = PBXSourcesBuildPhase;
			buildActionMask = 2147483647;
			files = (
				8211FF641BD87A2D0084AA17 /* PrimaryTests.m in Sources */,
			);
			runOnlyForDeploymentPostprocessing = 0;
		};
		8211FF661BD87A2D0084AA17 /* Sources */ = {
			isa = PBXSourcesBuildPhase;
			buildActionMask = 2147483647;
			files = (
				8211FF6F1BD87A2D0084AA17 /* PrimaryUITests.m in Sources */,
			);
			runOnlyForDeploymentPostprocessing = 0;
		};
/* End PBXSourcesBuildPhase section */

/* Begin PBXTargetDependency section */
		8211FF611BD87A2D0084AA17 /* PBXTargetDependency */ = {
			isa = PBXTargetDependency;
			target = 8211FF421BD87A2D0084AA17 /* Primary */;
			targetProxy = 8211FF601BD87A2D0084AA17 /* PBXContainerItemProxy */;
		};
		8211FF6C1BD87A2D0084AA17 /* PBXTargetDependency */ = {
			isa = PBXTargetDependency;
			target = 8211FF421BD87A2D0084AA17 /* Primary */;
			targetProxy = 8211FF6B1BD87A2D0084AA17 /* PBXContainerItemProxy */;
		};
/* End PBXTargetDependency section */

/* Begin PBXVariantGroup section */
		8211FF4F1BD87A2D0084AA17 /* Main.storyboard */ = {
			isa = PBXVariantGroup;
			children = (
				8211FF501BD87A2D0084AA17 /* Base */,
			);
			name = Main.storyboard;
			sourceTree = "<group>";
		};
		8211FF571BD87A2D0084AA17 /* LaunchScreen.storyboard */ = {
			isa = PBXVariantGroup;
			children = (
				8211FF581BD87A2D0084AA17 /* Base */,
			);
			name = LaunchScreen.storyboard;
			sourceTree = "<group>";
		};
		82FB327A1BE2FD3A00223E3D /* JKImagePickerController.strings */ = {
			isa = PBXVariantGroup;
			children = (
				82FB327B1BE2FD3A00223E3D /* en */,
				82FB327D1BE2FD3A00223E3D /* zh-Hans */,
			);
			name = JKImagePickerController.strings;
			sourceTree = "<group>";
		};
/* End PBXVariantGroup section */

/* Begin XCBuildConfiguration section */
		8211FF711BD87A2D0084AA17 /* Debug */ = {
			isa = XCBuildConfiguration;
			buildSettings = {
				ALWAYS_SEARCH_USER_PATHS = NO;
				CLANG_CXX_LANGUAGE_STANDARD = "gnu++0x";
				CLANG_CXX_LIBRARY = "libc++";
				CLANG_ENABLE_MODULES = YES;
				CLANG_ENABLE_OBJC_ARC = YES;
				CLANG_WARN_BOOL_CONVERSION = YES;
				CLANG_WARN_CONSTANT_CONVERSION = YES;
				CLANG_WARN_DIRECT_OBJC_ISA_USAGE = YES_ERROR;
				CLANG_WARN_EMPTY_BODY = YES;
				CLANG_WARN_ENUM_CONVERSION = YES;
				CLANG_WARN_INT_CONVERSION = YES;
				CLANG_WARN_OBJC_ROOT_CLASS = YES_ERROR;
				CLANG_WARN_UNREACHABLE_CODE = YES;
				CLANG_WARN__DUPLICATE_METHOD_MATCH = YES;
				"CODE_SIGN_IDENTITY[sdk=iphoneos*]" = "iPhone Developer";
				COPY_PHASE_STRIP = NO;
				DEBUG_INFORMATION_FORMAT = dwarf;
				ENABLE_STRICT_OBJC_MSGSEND = YES;
				ENABLE_TESTABILITY = YES;
				GCC_C_LANGUAGE_STANDARD = gnu99;
				GCC_DYNAMIC_NO_PIC = NO;
				GCC_NO_COMMON_BLOCKS = YES;
				GCC_OPTIMIZATION_LEVEL = 0;
				GCC_PREPROCESSOR_DEFINITIONS = (
					"DEBUG=1",
					"$(inherited)",
				);
				GCC_WARN_64_TO_32_BIT_CONVERSION = YES;
				GCC_WARN_ABOUT_RETURN_TYPE = YES_ERROR;
				GCC_WARN_UNDECLARED_SELECTOR = YES;
				GCC_WARN_UNINITIALIZED_AUTOS = YES_AGGRESSIVE;
				GCC_WARN_UNUSED_FUNCTION = YES;
				GCC_WARN_UNUSED_VARIABLE = YES;
				IPHONEOS_DEPLOYMENT_TARGET = 9.0;
				MTL_ENABLE_DEBUG_INFO = YES;
				ONLY_ACTIVE_ARCH = YES;
				SDKROOT = iphoneos;
			};
			name = Debug;
		};
		8211FF721BD87A2D0084AA17 /* Release */ = {
			isa = XCBuildConfiguration;
			buildSettings = {
				ALWAYS_SEARCH_USER_PATHS = NO;
				CLANG_CXX_LANGUAGE_STANDARD = "gnu++0x";
				CLANG_CXX_LIBRARY = "libc++";
				CLANG_ENABLE_MODULES = YES;
				CLANG_ENABLE_OBJC_ARC = YES;
				CLANG_WARN_BOOL_CONVERSION = YES;
				CLANG_WARN_CONSTANT_CONVERSION = YES;
				CLANG_WARN_DIRECT_OBJC_ISA_USAGE = YES_ERROR;
				CLANG_WARN_EMPTY_BODY = YES;
				CLANG_WARN_ENUM_CONVERSION = YES;
				CLANG_WARN_INT_CONVERSION = YES;
				CLANG_WARN_OBJC_ROOT_CLASS = YES_ERROR;
				CLANG_WARN_UNREACHABLE_CODE = YES;
				CLANG_WARN__DUPLICATE_METHOD_MATCH = YES;
				"CODE_SIGN_IDENTITY[sdk=iphoneos*]" = "iPhone Developer";
				COPY_PHASE_STRIP = NO;
				DEBUG_INFORMATION_FORMAT = "dwarf-with-dsym";
				ENABLE_NS_ASSERTIONS = NO;
				ENABLE_STRICT_OBJC_MSGSEND = YES;
				GCC_C_LANGUAGE_STANDARD = gnu99;
				GCC_NO_COMMON_BLOCKS = YES;
				GCC_WARN_64_TO_32_BIT_CONVERSION = YES;
				GCC_WARN_ABOUT_RETURN_TYPE = YES_ERROR;
				GCC_WARN_UNDECLARED_SELECTOR = YES;
				GCC_WARN_UNINITIALIZED_AUTOS = YES_AGGRESSIVE;
				GCC_WARN_UNUSED_FUNCTION = YES;
				GCC_WARN_UNUSED_VARIABLE = YES;
				IPHONEOS_DEPLOYMENT_TARGET = 9.0;
				MTL_ENABLE_DEBUG_INFO = NO;
				SDKROOT = iphoneos;
				VALIDATE_PRODUCT = YES;
			};
			name = Release;
		};
		8211FF741BD87A2D0084AA17 /* Debug */ = {
			isa = XCBuildConfiguration;
			baseConfigurationReference = A3FD00C3B51601F9FC0E13A4 /* Pods-Primary.debug.xcconfig */;
			buildSettings = {
				ASSETCATALOG_COMPILER_APPICON_NAME = AppIcon;
				CODE_SIGN_IDENTITY = "iPhone Developer";
				"CODE_SIGN_IDENTITY[sdk=iphoneos*]" = "iPhone Developer: 翰程 肖 (T7W64PXG96)";
				ENABLE_BITCODE = NO;
				FRAMEWORK_SEARCH_PATHS = (
					"$(inherited)",
					"$(PODS_ROOT)/UmengSocial/Umeng_SDK_Social_iOS_ARM64_4.3/UMSocial_Sdk_Extra_Frameworks/TencentOpenAPI/",
					"$(PODS_ROOT)/UmengSocial/Umeng_SDK_Social_iOS_ARM64_4.3/UMSocial_Sdk_Extra_Frameworks/Facebook/",
					"$(PODS_ROOT)/UmengSocial/Umeng_SDK_Social_iOS_ARM64_4.3/UMSocial_Sdk_Extra_Frameworks/Twitter/",
					"\"${PODS_ROOT}/RongCloudIMLib/Rong_Cloud_iOS_SDK_v2_3_4_stable\"",
					"\"${PODS_ROOT}/SMS-For-iOS/SMS_SDK\"",
				);
				GCC_PREFIX_HEADER = Primary/PrimaryPhil.pch;
				INFOPLIST_FILE = Primary/Info.plist;
				LD_RUNPATH_SEARCH_PATHS = "$(inherited) @executable_path/Frameworks";
				LIBRARY_SEARCH_PATHS = (
					"\"$(PODS_ROOT)/UMengAnalytics-NO-IDFA/**\"",
					"\"$(PODS_ROOT)/UMengMessage/UMessage_Sdk_All_1.1.0(idfa)/UMessage_Sdk_1.1.0/**\"",
					"$(PODS_ROOT)/UmengSocial/Umeng_SDK_Social_iOS_ARM64_4.3/UMSocial_Sdk_4.3/**",
					"$(PODS_ROOT)/UmengSocial/Umeng_SDK_Social_iOS_ARM64_4.3/UMSocial_Sdk_Extra_Frameworks/TencentOpenAPI/",
					"$(PODS_ROOT)/UmengSocial/Umeng_SDK_Social_iOS_ARM64_4.3/UMSocial_Sdk_Extra_Frameworks/Wechat/**",
					"$(PODS_ROOT)/UmengSocial/Umeng_SDK_Social_iOS_ARM64_4.3/UMSocial_Sdk_Extra_Frameworks/Sina/**",
					"$(PODS_ROOT)/UmengSocial/Umeng_SDK_Social_iOS_ARM64_4.3/UMSocial_Sdk_Extra_Frameworks/SinaSSO/**",
					"$(PODS_ROOT)/UmengSocial/Umeng_SDK_Social_iOS_ARM64_4.3/UMSocial_Sdk_Extra_Frameworks/Line/**",
					"$(PODS_ROOT)/UmengSocial/Umeng_SDK_Social_iOS_ARM64_4.3/UMSocial_Sdk_Extra_Frameworks/Whatsapp/**",
					"$(PODS_ROOT)/UmengSocial/Umeng_SDK_Social_iOS_ARM64_4.3/UMSocial_Sdk_Extra_Frameworks/Instagram/**",
					"$(PODS_ROOT)/UmengSocial/Umeng_SDK_Social_iOS_ARM64_4.3/UMSocial_Sdk_Extra_Frameworks/Tumblr/**",
					"$(PODS_ROOT)/UmengSocial/Umeng_SDK_Social_iOS_ARM64_4.3/UMSocial_Sdk_Extra_Frameworks/LaiWang/**",
					"$(PODS_ROOT)/UmengSocial/Umeng_SDK_Social_iOS_ARM64_4.3/UMSocial_Sdk_Extra_Frameworks/Twitter/**",
					"$(PODS_ROOT)/UmengSocial/Umeng_SDK_Social_iOS_ARM64_4.3/UMSocial_Sdk_Extra_Frameworks/Facebook/**",
					"$(inherited)",
					"\"${PODS_ROOT}/RongCloudIMLib/Rong_Cloud_iOS_SDK_v2_3_4_stable\"",
					"$(SRCROOT)/Primary/External/BaiduSSP_API",
				);
				PRODUCT_BUNDLE_IDENTIFIER = Phil.Primary;
				PRODUCT_NAME = "$(TARGET_NAME)";
				PROVISIONING_PROFILE = "effb662d-2cc9-4e1e-a596-598016fbe23a";
			};
			name = Debug;
		};
		8211FF751BD87A2D0084AA17 /* Release */ = {
			isa = XCBuildConfiguration;
			baseConfigurationReference = 53C31E5419D8097141B612D2 /* Pods-Primary.release.xcconfig */;
			buildSettings = {
				ASSETCATALOG_COMPILER_APPICON_NAME = AppIcon;
				CODE_SIGN_IDENTITY = "iPhone Developer";
				"CODE_SIGN_IDENTITY[sdk=iphoneos*]" = "iPhone Developer: 翰程 肖 (T7W64PXG96)";
				ENABLE_BITCODE = NO;
				FRAMEWORK_SEARCH_PATHS = (
					"$(inherited)",
					"$(PODS_ROOT)/UmengSocial/Umeng_SDK_Social_iOS_ARM64_4.3/UMSocial_Sdk_Extra_Frameworks/TencentOpenAPI/",
					"$(PODS_ROOT)/UmengSocial/Umeng_SDK_Social_iOS_ARM64_4.3/UMSocial_Sdk_Extra_Frameworks/Facebook/",
					"$(PODS_ROOT)/UmengSocial/Umeng_SDK_Social_iOS_ARM64_4.3/UMSocial_Sdk_Extra_Frameworks/Twitter/",
					"\"${PODS_ROOT}/RongCloudIMLib/Rong_Cloud_iOS_SDK_v2_3_4_stable\"",
					"\"${PODS_ROOT}/SMS-For-iOS/SMS_SDK\"",
				);
				GCC_PREFIX_HEADER = Primary/PrimaryPhil.pch;
				INFOPLIST_FILE = Primary/Info.plist;
				LD_RUNPATH_SEARCH_PATHS = "$(inherited) @executable_path/Frameworks";
				LIBRARY_SEARCH_PATHS = (
					"\"$(PODS_ROOT)/UMengAnalytics-NO-IDFA/**\"",
					"\"$(PODS_ROOT)/UMengMessage/UMessage_Sdk_All_1.1.0(idfa)/UMessage_Sdk_1.1.0/**\"",
					"$(PODS_ROOT)/UmengSocial/Umeng_SDK_Social_iOS_ARM64_4.3/UMSocial_Sdk_4.3/**",
					"$(PODS_ROOT)/UmengSocial/Umeng_SDK_Social_iOS_ARM64_4.3/UMSocial_Sdk_Extra_Frameworks/TencentOpenAPI/",
					"$(PODS_ROOT)/UmengSocial/Umeng_SDK_Social_iOS_ARM64_4.3/UMSocial_Sdk_Extra_Frameworks/Wechat/**",
					"$(PODS_ROOT)/UmengSocial/Umeng_SDK_Social_iOS_ARM64_4.3/UMSocial_Sdk_Extra_Frameworks/Sina/**",
					"$(PODS_ROOT)/UmengSocial/Umeng_SDK_Social_iOS_ARM64_4.3/UMSocial_Sdk_Extra_Frameworks/SinaSSO/**",
					"$(PODS_ROOT)/UmengSocial/Umeng_SDK_Social_iOS_ARM64_4.3/UMSocial_Sdk_Extra_Frameworks/Line/**",
					"$(PODS_ROOT)/UmengSocial/Umeng_SDK_Social_iOS_ARM64_4.3/UMSocial_Sdk_Extra_Frameworks/Whatsapp/**",
					"$(PODS_ROOT)/UmengSocial/Umeng_SDK_Social_iOS_ARM64_4.3/UMSocial_Sdk_Extra_Frameworks/Instagram/**",
					"$(PODS_ROOT)/UmengSocial/Umeng_SDK_Social_iOS_ARM64_4.3/UMSocial_Sdk_Extra_Frameworks/Tumblr/**",
					"$(PODS_ROOT)/UmengSocial/Umeng_SDK_Social_iOS_ARM64_4.3/UMSocial_Sdk_Extra_Frameworks/LaiWang/**",
					"$(PODS_ROOT)/UmengSocial/Umeng_SDK_Social_iOS_ARM64_4.3/UMSocial_Sdk_Extra_Frameworks/Twitter/**",
					"$(PODS_ROOT)/UmengSocial/Umeng_SDK_Social_iOS_ARM64_4.3/UMSocial_Sdk_Extra_Frameworks/Facebook/**",
					"$(inherited)",
					"\"${PODS_ROOT}/RongCloudIMLib/Rong_Cloud_iOS_SDK_v2_3_4_stable\"",
					"$(SRCROOT)/Primary/External/BaiduSSP_API",
				);
				PRODUCT_BUNDLE_IDENTIFIER = Phil.Primary;
				PRODUCT_NAME = "$(TARGET_NAME)";
				PROVISIONING_PROFILE = "effb662d-2cc9-4e1e-a596-598016fbe23a";
			};
			name = Release;
		};
		8211FF771BD87A2D0084AA17 /* Debug */ = {
			isa = XCBuildConfiguration;
			buildSettings = {
				BUNDLE_LOADER = "$(TEST_HOST)";
				INFOPLIST_FILE = PrimaryTests/Info.plist;
				LD_RUNPATH_SEARCH_PATHS = "$(inherited) @executable_path/Frameworks @loader_path/Frameworks";
				PRODUCT_BUNDLE_IDENTIFIER = Phil.PrimaryTests;
				PRODUCT_NAME = "$(TARGET_NAME)";
				TEST_HOST = "$(BUILT_PRODUCTS_DIR)/Primary.app/Primary";
			};
			name = Debug;
		};
		8211FF781BD87A2D0084AA17 /* Release */ = {
			isa = XCBuildConfiguration;
			buildSettings = {
				BUNDLE_LOADER = "$(TEST_HOST)";
				INFOPLIST_FILE = PrimaryTests/Info.plist;
				LD_RUNPATH_SEARCH_PATHS = "$(inherited) @executable_path/Frameworks @loader_path/Frameworks";
				PRODUCT_BUNDLE_IDENTIFIER = Phil.PrimaryTests;
				PRODUCT_NAME = "$(TARGET_NAME)";
				TEST_HOST = "$(BUILT_PRODUCTS_DIR)/Primary.app/Primary";
			};
			name = Release;
		};
		8211FF7A1BD87A2D0084AA17 /* Debug */ = {
			isa = XCBuildConfiguration;
			buildSettings = {
				INFOPLIST_FILE = PrimaryUITests/Info.plist;
				LD_RUNPATH_SEARCH_PATHS = "$(inherited) @executable_path/Frameworks @loader_path/Frameworks";
				PRODUCT_BUNDLE_IDENTIFIER = Phil.PrimaryUITests;
				PRODUCT_NAME = "$(TARGET_NAME)";
				TEST_TARGET_NAME = Primary;
				USES_XCTRUNNER = YES;
			};
			name = Debug;
		};
		8211FF7B1BD87A2D0084AA17 /* Release */ = {
			isa = XCBuildConfiguration;
			buildSettings = {
				INFOPLIST_FILE = PrimaryUITests/Info.plist;
				LD_RUNPATH_SEARCH_PATHS = "$(inherited) @executable_path/Frameworks @loader_path/Frameworks";
				PRODUCT_BUNDLE_IDENTIFIER = Phil.PrimaryUITests;
				PRODUCT_NAME = "$(TARGET_NAME)";
				TEST_TARGET_NAME = Primary;
				USES_XCTRUNNER = YES;
			};
			name = Release;
		};
/* End XCBuildConfiguration section */

/* Begin XCConfigurationList section */
		8211FF3E1BD87A2D0084AA17 /* Build configuration list for PBXProject "Primary" */ = {
			isa = XCConfigurationList;
			buildConfigurations = (
				8211FF711BD87A2D0084AA17 /* Debug */,
				8211FF721BD87A2D0084AA17 /* Release */,
			);
			defaultConfigurationIsVisible = 0;
			defaultConfigurationName = Release;
		};
		8211FF731BD87A2D0084AA17 /* Build configuration list for PBXNativeTarget "Primary" */ = {
			isa = XCConfigurationList;
			buildConfigurations = (
				8211FF741BD87A2D0084AA17 /* Debug */,
				8211FF751BD87A2D0084AA17 /* Release */,
			);
			defaultConfigurationIsVisible = 0;
			defaultConfigurationName = Release;
		};
		8211FF761BD87A2D0084AA17 /* Build configuration list for PBXNativeTarget "PrimaryTests" */ = {
			isa = XCConfigurationList;
			buildConfigurations = (
				8211FF771BD87A2D0084AA17 /* Debug */,
				8211FF781BD87A2D0084AA17 /* Release */,
			);
			defaultConfigurationIsVisible = 0;
			defaultConfigurationName = Release;
		};
		8211FF791BD87A2D0084AA17 /* Build configuration list for PBXNativeTarget "PrimaryUITests" */ = {
			isa = XCConfigurationList;
			buildConfigurations = (
				8211FF7A1BD87A2D0084AA17 /* Debug */,
				8211FF7B1BD87A2D0084AA17 /* Release */,
			);
			defaultConfigurationIsVisible = 0;
			defaultConfigurationName = Release;
		};
/* End XCConfigurationList section */

/* Begin XCVersionGroup section */
		8211FF521BD87A2D0084AA17 /* Primary.xcdatamodeld */ = {
			isa = XCVersionGroup;
			children = (
				8211FF531BD87A2D0084AA17 /* Primary.xcdatamodel */,
			);
			currentVersion = 8211FF531BD87A2D0084AA17 /* Primary.xcdatamodel */;
			path = Primary.xcdatamodeld;
			sourceTree = "<group>";
			versionGroupType = wrapper.xcdatamodel;
		};
/* End XCVersionGroup section */
	};
	rootObject = 8211FF3B1BD87A2D0084AA17 /* Project object */;
}
